// !$*UTF8*$!
{
	archiveVersion = 1;
	classes = {
	};
	objectVersion = 46;
	objects = {

/* Begin PBXBuildFile section */
		B21BD2C91EDFB9F500BAD836 /* PersonalViewModel.m in Sources */ = {isa = PBXBuildFile; fileRef = B21BD2C21EDFB9F500BAD836 /* PersonalViewModel.m */; };
		B21BD2CA1EDFB9F500BAD836 /* PersonalViewController.xib in Resources */ = {isa = PBXBuildFile; fileRef = B21BD2C41EDFB9F500BAD836 /* PersonalViewController.xib */; };
		B21BD2CB1EDFB9F500BAD836 /* PersonalViewController.m in Sources */ = {isa = PBXBuildFile; fileRef = B21BD2C51EDFB9F500BAD836 /* PersonalViewController.m */; };
		B21BD2CC1EDFB9F500BAD836 /* PersonalMainView.m in Sources */ = {isa = PBXBuildFile; fileRef = B21BD2C71EDFB9F500BAD836 /* PersonalMainView.m */; };
		B2A215031EDEA9E900B19A4A /* main.m in Sources */ = {isa = PBXBuildFile; fileRef = B2A215021EDEA9E900B19A4A /* main.m */; };
		B2A215061EDEA9E900B19A4A /* AppDelegate.m in Sources */ = {isa = PBXBuildFile; fileRef = B2A215051EDEA9E900B19A4A /* AppDelegate.m */; };
		B2A2150E1EDEA9E900B19A4A /* Assets.xcassets in Resources */ = {isa = PBXBuildFile; fileRef = B2A2150D1EDEA9E900B19A4A /* Assets.xcassets */; };
		B2A215111EDEA9E900B19A4A /* LaunchScreen.storyboard in Resources */ = {isa = PBXBuildFile; fileRef = B2A2150F1EDEA9E900B19A4A /* LaunchScreen.storyboard */; };
		B2A2151C1EDEA9E900B19A4A /* QHTradeTests.m in Sources */ = {isa = PBXBuildFile; fileRef = B2A2151B1EDEA9E900B19A4A /* QHTradeTests.m */; };
		B2A215271EDEA9E900B19A4A /* QHTradeUITests.m in Sources */ = {isa = PBXBuildFile; fileRef = B2A215261EDEA9E900B19A4A /* QHTradeUITests.m */; };
		B73AFA0A506780FED210E1D0 /* Pods_QHTrade.framework in Frameworks */ = {isa = PBXBuildFile; fileRef = 972BB4CEA1349E67DFAA5B40 /* Pods_QHTrade.framework */; };
		CEF330EE1EDF9B720032F0EF /* UIImage+Extension.m in Sources */ = {isa = PBXBuildFile; fileRef = CEF330ED1EDF9B720032F0EF /* UIImage+Extension.m */; };
		CEF330F11EDF9BC60032F0EF /* UIView+Extension.m in Sources */ = {isa = PBXBuildFile; fileRef = CEF330F01EDF9BC60032F0EF /* UIView+Extension.m */; };
		CEF331031EDF9CC50032F0EF /* BaseTableViewCell.m in Sources */ = {isa = PBXBuildFile; fileRef = CEF330F41EDF9CC50032F0EF /* BaseTableViewCell.m */; };
		CEF331041EDF9CC50032F0EF /* BaseView.m in Sources */ = {isa = PBXBuildFile; fileRef = CEF330F71EDF9CC50032F0EF /* BaseView.m */; };
		CEF331051EDF9CC50032F0EF /* BaseViewModel.m in Sources */ = {isa = PBXBuildFile; fileRef = CEF330F91EDF9CC50032F0EF /* BaseViewModel.m */; };
		CEF331061EDF9CC50032F0EF /* NavigationBaseController.m in Sources */ = {isa = PBXBuildFile; fileRef = CEF330FD1EDF9CC50032F0EF /* NavigationBaseController.m */; };
		CEF331071EDF9CC50032F0EF /* TabBarBaseController.m in Sources */ = {isa = PBXBuildFile; fileRef = CEF330FF1EDF9CC50032F0EF /* TabBarBaseController.m */; };
		CEF331081EDF9CC50032F0EF /* ViewBaseController.m in Sources */ = {isa = PBXBuildFile; fileRef = CEF331011EDF9CC50032F0EF /* ViewBaseController.m */; };
		CEF331131EDFA4AA0032F0EF /* MBProgressHUD+NJ.m in Sources */ = {isa = PBXBuildFile; fileRef = CEF3310C1EDFA4AA0032F0EF /* MBProgressHUD+NJ.m */; };
		CEF331191EDFAC750032F0EF /* QHRequest.m in Sources */ = {isa = PBXBuildFile; fileRef = CEF331181EDFAC750032F0EF /* QHRequest.m */; };
		CEF3311C1EDFAE330032F0EF /* QHRequestModel.m in Sources */ = {isa = PBXBuildFile; fileRef = CEF3311B1EDFAE330032F0EF /* QHRequestModel.m */; };
		CEF3311F1EDFB1E70032F0EF /* QHRequest+Api.m in Sources */ = {isa = PBXBuildFile; fileRef = CEF3311E1EDFB1E70032F0EF /* QHRequest+Api.m */; };
		CEF331221EDFB3D50032F0EF /* UserInformation.m in Sources */ = {isa = PBXBuildFile; fileRef = CEF331211EDFB3D50032F0EF /* UserInformation.m */; };
		CEF331261EDFC20F0032F0EF /* sssss.m in Sources */ = {isa = PBXBuildFile; fileRef = CEF331251EDFC20F0032F0EF /* sssss.m */; };
/* End PBXBuildFile section */

/* Begin PBXContainerItemProxy section */
		B2A215181EDEA9E900B19A4A /* PBXContainerItemProxy */ = {
			isa = PBXContainerItemProxy;
			containerPortal = B2A214F61EDEA9E900B19A4A /* Project object */;
			proxyType = 1;
			remoteGlobalIDString = B2A214FD1EDEA9E900B19A4A;
			remoteInfo = QHTrade;
		};
		B2A215231EDEA9E900B19A4A /* PBXContainerItemProxy */ = {
			isa = PBXContainerItemProxy;
			containerPortal = B2A214F61EDEA9E900B19A4A /* Project object */;
			proxyType = 1;
			remoteGlobalIDString = B2A214FD1EDEA9E900B19A4A;
			remoteInfo = QHTrade;
		};
/* End PBXContainerItemProxy section */

/* Begin PBXFileReference section */
		972BB4CEA1349E67DFAA5B40 /* Pods_QHTrade.framework */ = {isa = PBXFileReference; explicitFileType = wrapper.framework; includeInIndex = 0; path = Pods_QHTrade.framework; sourceTree = BUILT_PRODUCTS_DIR; };
		B21BD2C21EDFB9F500BAD836 /* PersonalViewModel.m */ = {isa = PBXFileReference; fileEncoding = 4; lastKnownFileType = sourcecode.c.objc; path = PersonalViewModel.m; sourceTree = "<group>"; };
		B21BD2C31EDFB9F500BAD836 /* PersonalViewModel.h */ = {isa = PBXFileReference; fileEncoding = 4; lastKnownFileType = sourcecode.c.h; path = PersonalViewModel.h; sourceTree = "<group>"; };
		B21BD2C41EDFB9F500BAD836 /* PersonalViewController.xib */ = {isa = PBXFileReference; fileEncoding = 4; lastKnownFileType = file.xib; path = PersonalViewController.xib; sourceTree = "<group>"; };
		B21BD2C51EDFB9F500BAD836 /* PersonalViewController.m */ = {isa = PBXFileReference; fileEncoding = 4; lastKnownFileType = sourcecode.c.objc; path = PersonalViewController.m; sourceTree = "<group>"; };
		B21BD2C61EDFB9F500BAD836 /* PersonalViewController.h */ = {isa = PBXFileReference; fileEncoding = 4; lastKnownFileType = sourcecode.c.h; path = PersonalViewController.h; sourceTree = "<group>"; };
		B21BD2C71EDFB9F500BAD836 /* PersonalMainView.m */ = {isa = PBXFileReference; fileEncoding = 4; lastKnownFileType = sourcecode.c.objc; path = PersonalMainView.m; sourceTree = "<group>"; };
		B21BD2C81EDFB9F500BAD836 /* PersonalMainView.h */ = {isa = PBXFileReference; fileEncoding = 4; lastKnownFileType = sourcecode.c.h; path = PersonalMainView.h; sourceTree = "<group>"; };
		B2A214FE1EDEA9E900B19A4A /* QHTrade.app */ = {isa = PBXFileReference; explicitFileType = wrapper.application; includeInIndex = 0; path = QHTrade.app; sourceTree = BUILT_PRODUCTS_DIR; };
		B2A215021EDEA9E900B19A4A /* main.m */ = {isa = PBXFileReference; lastKnownFileType = sourcecode.c.objc; path = main.m; sourceTree = "<group>"; };
		B2A215041EDEA9E900B19A4A /* AppDelegate.h */ = {isa = PBXFileReference; lastKnownFileType = sourcecode.c.h; path = AppDelegate.h; sourceTree = "<group>"; };
		B2A215051EDEA9E900B19A4A /* AppDelegate.m */ = {isa = PBXFileReference; lastKnownFileType = sourcecode.c.objc; path = AppDelegate.m; sourceTree = "<group>"; };
		B2A2150D1EDEA9E900B19A4A /* Assets.xcassets */ = {isa = PBXFileReference; lastKnownFileType = folder.assetcatalog; path = Assets.xcassets; sourceTree = "<group>"; };
		B2A215101EDEA9E900B19A4A /* Base */ = {isa = PBXFileReference; lastKnownFileType = file.storyboard; name = Base; path = Base.lproj/LaunchScreen.storyboard; sourceTree = "<group>"; };
		B2A215121EDEA9E900B19A4A /* Info.plist */ = {isa = PBXFileReference; lastKnownFileType = text.plist.xml; path = Info.plist; sourceTree = "<group>"; };
		B2A215171EDEA9E900B19A4A /* QHTradeTests.xctest */ = {isa = PBXFileReference; explicitFileType = wrapper.cfbundle; includeInIndex = 0; path = QHTradeTests.xctest; sourceTree = BUILT_PRODUCTS_DIR; };
		B2A2151B1EDEA9E900B19A4A /* QHTradeTests.m */ = {isa = PBXFileReference; lastKnownFileType = sourcecode.c.objc; path = QHTradeTests.m; sourceTree = "<group>"; };
		B2A2151D1EDEA9E900B19A4A /* Info.plist */ = {isa = PBXFileReference; lastKnownFileType = text.plist.xml; path = Info.plist; sourceTree = "<group>"; };
		B2A215221EDEA9E900B19A4A /* QHTradeUITests.xctest */ = {isa = PBXFileReference; explicitFileType = wrapper.cfbundle; includeInIndex = 0; path = QHTradeUITests.xctest; sourceTree = BUILT_PRODUCTS_DIR; };
		B2A215261EDEA9E900B19A4A /* QHTradeUITests.m */ = {isa = PBXFileReference; lastKnownFileType = sourcecode.c.objc; path = QHTradeUITests.m; sourceTree = "<group>"; };
		B2A215281EDEA9E900B19A4A /* Info.plist */ = {isa = PBXFileReference; lastKnownFileType = text.plist.xml; path = Info.plist; sourceTree = "<group>"; };
		CEF330EC1EDF9B720032F0EF /* UIImage+Extension.h */ = {isa = PBXFileReference; fileEncoding = 4; lastKnownFileType = sourcecode.c.h; path = "UIImage+Extension.h"; sourceTree = "<group>"; };
		CEF330ED1EDF9B720032F0EF /* UIImage+Extension.m */ = {isa = PBXFileReference; fileEncoding = 4; lastKnownFileType = sourcecode.c.objc; path = "UIImage+Extension.m"; sourceTree = "<group>"; };
		CEF330EF1EDF9BC60032F0EF /* UIView+Extension.h */ = {isa = PBXFileReference; fileEncoding = 4; lastKnownFileType = sourcecode.c.h; path = "UIView+Extension.h"; sourceTree = "<group>"; };
		CEF330F01EDF9BC60032F0EF /* UIView+Extension.m */ = {isa = PBXFileReference; fileEncoding = 4; lastKnownFileType = sourcecode.c.objc; path = "UIView+Extension.m"; sourceTree = "<group>"; };
		CEF330F31EDF9CC50032F0EF /* BaseTableViewCell.h */ = {isa = PBXFileReference; fileEncoding = 4; lastKnownFileType = sourcecode.c.h; path = BaseTableViewCell.h; sourceTree = "<group>"; };
		CEF330F41EDF9CC50032F0EF /* BaseTableViewCell.m */ = {isa = PBXFileReference; fileEncoding = 4; lastKnownFileType = sourcecode.c.objc; path = BaseTableViewCell.m; sourceTree = "<group>"; };
		CEF330F51EDF9CC50032F0EF /* BaseTableViewCellProtocol.h */ = {isa = PBXFileReference; fileEncoding = 4; lastKnownFileType = sourcecode.c.h; path = BaseTableViewCellProtocol.h; sourceTree = "<group>"; };
		CEF330F61EDF9CC50032F0EF /* BaseView.h */ = {isa = PBXFileReference; fileEncoding = 4; lastKnownFileType = sourcecode.c.h; path = BaseView.h; sourceTree = "<group>"; };
		CEF330F71EDF9CC50032F0EF /* BaseView.m */ = {isa = PBXFileReference; fileEncoding = 4; lastKnownFileType = sourcecode.c.objc; path = BaseView.m; sourceTree = "<group>"; };
		CEF330F81EDF9CC50032F0EF /* BaseViewModel.h */ = {isa = PBXFileReference; fileEncoding = 4; lastKnownFileType = sourcecode.c.h; path = BaseViewModel.h; sourceTree = "<group>"; };
		CEF330F91EDF9CC50032F0EF /* BaseViewModel.m */ = {isa = PBXFileReference; fileEncoding = 4; lastKnownFileType = sourcecode.c.objc; path = BaseViewModel.m; sourceTree = "<group>"; };
		CEF330FA1EDF9CC50032F0EF /* BaseViewModelProtocol.h */ = {isa = PBXFileReference; fileEncoding = 4; lastKnownFileType = sourcecode.c.h; path = BaseViewModelProtocol.h; sourceTree = "<group>"; };
		CEF330FB1EDF9CC50032F0EF /* BaseViewProtocol.h */ = {isa = PBXFileReference; fileEncoding = 4; lastKnownFileType = sourcecode.c.h; path = BaseViewProtocol.h; sourceTree = "<group>"; };
		CEF330FC1EDF9CC50032F0EF /* NavigationBaseController.h */ = {isa = PBXFileReference; fileEncoding = 4; lastKnownFileType = sourcecode.c.h; path = NavigationBaseController.h; sourceTree = "<group>"; };
		CEF330FD1EDF9CC50032F0EF /* NavigationBaseController.m */ = {isa = PBXFileReference; fileEncoding = 4; lastKnownFileType = sourcecode.c.objc; path = NavigationBaseController.m; sourceTree = "<group>"; };
		CEF330FE1EDF9CC50032F0EF /* TabBarBaseController.h */ = {isa = PBXFileReference; fileEncoding = 4; lastKnownFileType = sourcecode.c.h; path = TabBarBaseController.h; sourceTree = "<group>"; };
		CEF330FF1EDF9CC50032F0EF /* TabBarBaseController.m */ = {isa = PBXFileReference; fileEncoding = 4; lastKnownFileType = sourcecode.c.objc; path = TabBarBaseController.m; sourceTree = "<group>"; };
		CEF331001EDF9CC50032F0EF /* ViewBaseController.h */ = {isa = PBXFileReference; fileEncoding = 4; lastKnownFileType = sourcecode.c.h; path = ViewBaseController.h; sourceTree = "<group>"; };
		CEF331011EDF9CC50032F0EF /* ViewBaseController.m */ = {isa = PBXFileReference; fileEncoding = 4; lastKnownFileType = sourcecode.c.objc; path = ViewBaseController.m; sourceTree = "<group>"; };
		CEF331021EDF9CC50032F0EF /* ViewBaseControllerProtocol.h */ = {isa = PBXFileReference; fileEncoding = 4; lastKnownFileType = sourcecode.c.h; path = ViewBaseControllerProtocol.h; sourceTree = "<group>"; };
		CEF331091EDFA1690032F0EF /* Common.h */ = {isa = PBXFileReference; lastKnownFileType = sourcecode.c.h; path = Common.h; sourceTree = "<group>"; };
		CEF3310A1EDFA1EB0032F0EF /* PrefixHeader.pch */ = {isa = PBXFileReference; lastKnownFileType = sourcecode.c.h; path = PrefixHeader.pch; sourceTree = "<group>"; };
		CEF3310B1EDFA4AA0032F0EF /* MBProgressHUD+NJ.h */ = {isa = PBXFileReference; fileEncoding = 4; lastKnownFileType = sourcecode.c.h; path = "MBProgressHUD+NJ.h"; sourceTree = "<group>"; };
		CEF3310C1EDFA4AA0032F0EF /* MBProgressHUD+NJ.m */ = {isa = PBXFileReference; fileEncoding = 4; lastKnownFileType = sourcecode.c.objc; path = "MBProgressHUD+NJ.m"; sourceTree = "<group>"; };
		CEF331171EDFAC750032F0EF /* QHRequest.h */ = {isa = PBXFileReference; fileEncoding = 4; lastKnownFileType = sourcecode.c.h; path = QHRequest.h; sourceTree = "<group>"; };
		CEF331181EDFAC750032F0EF /* QHRequest.m */ = {isa = PBXFileReference; fileEncoding = 4; lastKnownFileType = sourcecode.c.objc; path = QHRequest.m; sourceTree = "<group>"; };
		CEF3311A1EDFAE330032F0EF /* QHRequestModel.h */ = {isa = PBXFileReference; fileEncoding = 4; lastKnownFileType = sourcecode.c.h; path = QHRequestModel.h; sourceTree = "<group>"; };
		CEF3311B1EDFAE330032F0EF /* QHRequestModel.m */ = {isa = PBXFileReference; fileEncoding = 4; lastKnownFileType = sourcecode.c.objc; path = QHRequestModel.m; sourceTree = "<group>"; };
		CEF3311D1EDFB1E70032F0EF /* QHRequest+Api.h */ = {isa = PBXFileReference; fileEncoding = 4; lastKnownFileType = sourcecode.c.h; path = "QHRequest+Api.h"; sourceTree = "<group>"; };
		CEF3311E1EDFB1E70032F0EF /* QHRequest+Api.m */ = {isa = PBXFileReference; fileEncoding = 4; lastKnownFileType = sourcecode.c.objc; path = "QHRequest+Api.m"; sourceTree = "<group>"; };
		CEF331201EDFB3D50032F0EF /* UserInformation.h */ = {isa = PBXFileReference; fileEncoding = 4; lastKnownFileType = sourcecode.c.h; path = UserInformation.h; sourceTree = "<group>"; };
		CEF331211EDFB3D50032F0EF /* UserInformation.m */ = {isa = PBXFileReference; fileEncoding = 4; lastKnownFileType = sourcecode.c.objc; path = UserInformation.m; sourceTree = "<group>"; };
		CEF331241EDFC20F0032F0EF /* sssss.h */ = {isa = PBXFileReference; fileEncoding = 4; lastKnownFileType = sourcecode.c.h; path = sssss.h; sourceTree = "<group>"; };
		CEF331251EDFC20F0032F0EF /* sssss.m */ = {isa = PBXFileReference; fileEncoding = 4; lastKnownFileType = sourcecode.c.objc; path = sssss.m; sourceTree = "<group>"; };
		DB23E11BA4D680FD0F61CE42 /* Pods-QHTrade.debug.xcconfig */ = {isa = PBXFileReference; includeInIndex = 1; lastKnownFileType = text.xcconfig; name = "Pods-QHTrade.debug.xcconfig"; path = "Pods/Target Support Files/Pods-QHTrade/Pods-QHTrade.debug.xcconfig"; sourceTree = "<group>"; };
		E3D3E11B3D85ACEA2AE90524 /* Pods-QHTrade.release.xcconfig */ = {isa = PBXFileReference; includeInIndex = 1; lastKnownFileType = text.xcconfig; name = "Pods-QHTrade.release.xcconfig"; path = "Pods/Target Support Files/Pods-QHTrade/Pods-QHTrade.release.xcconfig"; sourceTree = "<group>"; };
/* End PBXFileReference section */

/* Begin PBXFrameworksBuildPhase section */
		B2A214FB1EDEA9E900B19A4A /* Frameworks */ = {
			isa = PBXFrameworksBuildPhase;
			buildActionMask = 2147483647;
			files = (
				B73AFA0A506780FED210E1D0 /* Pods_QHTrade.framework in Frameworks */,
			);
			runOnlyForDeploymentPostprocessing = 0;
		};
		B2A215141EDEA9E900B19A4A /* Frameworks */ = {
			isa = PBXFrameworksBuildPhase;
			buildActionMask = 2147483647;
			files = (
			);
			runOnlyForDeploymentPostprocessing = 0;
		};
		B2A2151F1EDEA9E900B19A4A /* Frameworks */ = {
			isa = PBXFrameworksBuildPhase;
			buildActionMask = 2147483647;
			files = (
			);
			runOnlyForDeploymentPostprocessing = 0;
		};
/* End PBXFrameworksBuildPhase section */

/* Begin PBXGroup section */
		289CB516B6EFFFC3249782FC /* Frameworks */ = {
			isa = PBXGroup;
			children = (
				972BB4CEA1349E67DFAA5B40 /* Pods_QHTrade.framework */,
			);
			name = Frameworks;
			sourceTree = "<group>";
		};
		75613A42152CD14953B78261 /* Pods */ = {
			isa = PBXGroup;
			children = (
				DB23E11BA4D680FD0F61CE42 /* Pods-QHTrade.debug.xcconfig */,
				E3D3E11B3D85ACEA2AE90524 /* Pods-QHTrade.release.xcconfig */,
			);
			name = Pods;
			sourceTree = "<group>";
		};
		B21BD2C11EDFB9E500BAD836 /* PersonalCenter */ = {
			isa = PBXGroup;
			children = (
				B21BD2C31EDFB9F500BAD836 /* PersonalViewModel.h */,
				B21BD2C21EDFB9F500BAD836 /* PersonalViewModel.m */,
				B21BD2C61EDFB9F500BAD836 /* PersonalViewController.h */,
				B21BD2C51EDFB9F500BAD836 /* PersonalViewController.m */,
				B21BD2C41EDFB9F500BAD836 /* PersonalViewController.xib */,
				B21BD2C81EDFB9F500BAD836 /* PersonalMainView.h */,
				B21BD2C71EDFB9F500BAD836 /* PersonalMainView.m */,
			);
			path = PersonalCenter;
			sourceTree = "<group>";
		};
		B2A214F51EDEA9E900B19A4A = {
			isa = PBXGroup;
			children = (
				B2A215001EDEA9E900B19A4A /* QHTrade */,
				B2A2151A1EDEA9E900B19A4A /* QHTradeTests */,
				B2A215251EDEA9E900B19A4A /* QHTradeUITests */,
				B2A214FF1EDEA9E900B19A4A /* Products */,
				75613A42152CD14953B78261 /* Pods */,
				289CB516B6EFFFC3249782FC /* Frameworks */,
			);
			sourceTree = "<group>";
		};
		B2A214FF1EDEA9E900B19A4A /* Products */ = {
			isa = PBXGroup;
			children = (
				B2A214FE1EDEA9E900B19A4A /* QHTrade.app */,
				B2A215171EDEA9E900B19A4A /* QHTradeTests.xctest */,
				B2A215221EDEA9E900B19A4A /* QHTradeUITests.xctest */,
			);
			name = Products;
			sourceTree = "<group>";
		};
		B2A215001EDEA9E900B19A4A /* QHTrade */ = {
			isa = PBXGroup;
			children = (
				CEF330F21EDF9CBD0032F0EF /* BaseFile */,
				CEF330EB1EDF9B1A0032F0EF /* Gategory */,
				CEF330E91EDF9B010032F0EF /* Common */,
				CEF330EA1EDF9B010032F0EF /* NetWorking */,
				CEF330E41EDF9AC20032F0EF /* Dynamics */,
				CEF330E51EDF9AC20032F0EF /* Find */,
				CEF330E71EDF9AC20032F0EF /* RankingList */,
				CEF330E81EDF9AC20032F0EF /* Transaction */,
				B21BD2C11EDFB9E500BAD836 /* PersonalCenter */,
				B2A215041EDEA9E900B19A4A /* AppDelegate.h */,
				B2A215051EDEA9E900B19A4A /* AppDelegate.m */,
				B2A2150D1EDEA9E900B19A4A /* Assets.xcassets */,
				B2A2150F1EDEA9E900B19A4A /* LaunchScreen.storyboard */,
				B2A215121EDEA9E900B19A4A /* Info.plist */,
				B2A215011EDEA9E900B19A4A /* Supporting Files */,
			);
			path = QHTrade;
			sourceTree = "<group>";
		};
		B2A215011EDEA9E900B19A4A /* Supporting Files */ = {
			isa = PBXGroup;
			children = (
				B2A215021EDEA9E900B19A4A /* main.m */,
			);
			name = "Supporting Files";
			sourceTree = "<group>";
		};
		B2A2151A1EDEA9E900B19A4A /* QHTradeTests */ = {
			isa = PBXGroup;
			children = (
				B2A2151B1EDEA9E900B19A4A /* QHTradeTests.m */,
				B2A2151D1EDEA9E900B19A4A /* Info.plist */,
			);
			path = QHTradeTests;
			sourceTree = "<group>";
		};
		B2A215251EDEA9E900B19A4A /* QHTradeUITests */ = {
			isa = PBXGroup;
			children = (
				B2A215261EDEA9E900B19A4A /* QHTradeUITests.m */,
				B2A215281EDEA9E900B19A4A /* Info.plist */,
			);
			path = QHTradeUITests;
			sourceTree = "<group>";
		};
		CEF330E41EDF9AC20032F0EF /* Dynamics */ = {
			isa = PBXGroup;
			children = (
				CEF331231EDFC2050032F0EF /* New Group */,
			);
			path = Dynamics;
			sourceTree = "<group>";
		};
		CEF330E51EDF9AC20032F0EF /* Find */ = {
			isa = PBXGroup;
			children = (
			);
			path = Find;
			sourceTree = "<group>";
		};
		CEF330E71EDF9AC20032F0EF /* RankingList */ = {
			isa = PBXGroup;
			children = (
			);
			path = RankingList;
			sourceTree = "<group>";
		};
		CEF330E81EDF9AC20032F0EF /* Transaction */ = {
			isa = PBXGroup;
			children = (
			);
			path = Transaction;
			sourceTree = "<group>";
		};
		CEF330E91EDF9B010032F0EF /* Common */ = {
			isa = PBXGroup;
			children = (
				CEF331091EDFA1690032F0EF /* Common.h */,
				CEF3310A1EDFA1EB0032F0EF /* PrefixHeader.pch */,
				CEF331201EDFB3D50032F0EF /* UserInformation.h */,
				CEF331211EDFB3D50032F0EF /* UserInformation.m */,
			);
			path = Common;
			sourceTree = "<group>";
		};
		CEF330EA1EDF9B010032F0EF /* NetWorking */ = {
			isa = PBXGroup;
			children = (
				CEF3310B1EDFA4AA0032F0EF /* MBProgressHUD+NJ.h */,
				CEF3310C1EDFA4AA0032F0EF /* MBProgressHUD+NJ.m */,
				CEF331171EDFAC750032F0EF /* QHRequest.h */,
				CEF331181EDFAC750032F0EF /* QHRequest.m */,
				CEF3311A1EDFAE330032F0EF /* QHRequestModel.h */,
				CEF3311B1EDFAE330032F0EF /* QHRequestModel.m */,
				CEF3311D1EDFB1E70032F0EF /* QHRequest+Api.h */,
				CEF3311E1EDFB1E70032F0EF /* QHRequest+Api.m */,
			);
			path = NetWorking;
			sourceTree = "<group>";
		};
		CEF330EB1EDF9B1A0032F0EF /* Gategory */ = {
			isa = PBXGroup;
			children = (
				CEF330EC1EDF9B720032F0EF /* UIImage+Extension.h */,
				CEF330ED1EDF9B720032F0EF /* UIImage+Extension.m */,
				CEF330EF1EDF9BC60032F0EF /* UIView+Extension.h */,
				CEF330F01EDF9BC60032F0EF /* UIView+Extension.m */,
			);
			path = Gategory;
			sourceTree = "<group>";
		};
		CEF330F21EDF9CBD0032F0EF /* BaseFile */ = {
			isa = PBXGroup;
			children = (
				CEF330F31EDF9CC50032F0EF /* BaseTableViewCell.h */,
				CEF330F41EDF9CC50032F0EF /* BaseTableViewCell.m */,
				CEF330F51EDF9CC50032F0EF /* BaseTableViewCellProtocol.h */,
				CEF330F61EDF9CC50032F0EF /* BaseView.h */,
				CEF330F71EDF9CC50032F0EF /* BaseView.m */,
				CEF330FB1EDF9CC50032F0EF /* BaseViewProtocol.h */,
				CEF330F81EDF9CC50032F0EF /* BaseViewModel.h */,
				CEF330F91EDF9CC50032F0EF /* BaseViewModel.m */,
				CEF330FA1EDF9CC50032F0EF /* BaseViewModelProtocol.h */,
				CEF330FC1EDF9CC50032F0EF /* NavigationBaseController.h */,
				CEF330FD1EDF9CC50032F0EF /* NavigationBaseController.m */,
				CEF330FE1EDF9CC50032F0EF /* TabBarBaseController.h */,
				CEF330FF1EDF9CC50032F0EF /* TabBarBaseController.m */,
				CEF331001EDF9CC50032F0EF /* ViewBaseController.h */,
				CEF331011EDF9CC50032F0EF /* ViewBaseController.m */,
				CEF331021EDF9CC50032F0EF /* ViewBaseControllerProtocol.h */,
			);
			path = BaseFile;
			sourceTree = "<group>";
		};
		CEF331231EDFC2050032F0EF /* New Group */ = {
			isa = PBXGroup;
			children = (
				CEF331241EDFC20F0032F0EF /* sssss.h */,
				CEF331251EDFC20F0032F0EF /* sssss.m */,
			);
			name = "New Group";
			sourceTree = "<group>";
		};
/* End PBXGroup section */

/* Begin PBXNativeTarget section */
		B2A214FD1EDEA9E900B19A4A /* QHTrade */ = {
			isa = PBXNativeTarget;
			buildConfigurationList = B2A2152B1EDEA9E900B19A4A /* Build configuration list for PBXNativeTarget "QHTrade" */;
			buildPhases = (
				26E0B53724CCB61DAE223381 /* [CP] Check Pods Manifest.lock */,
				B2A214FA1EDEA9E900B19A4A /* Sources */,
				B2A214FB1EDEA9E900B19A4A /* Frameworks */,
				B2A214FC1EDEA9E900B19A4A /* Resources */,
				C4867A738919D61D8A02D35B /* [CP] Embed Pods Frameworks */,
				83A7519FF5261839AA39619E /* [CP] Copy Pods Resources */,
			);
			buildRules = (
			);
			dependencies = (
			);
			name = QHTrade;
			productName = QHTrade;
			productReference = B2A214FE1EDEA9E900B19A4A /* QHTrade.app */;
			productType = "com.apple.product-type.application";
		};
		B2A215161EDEA9E900B19A4A /* QHTradeTests */ = {
			isa = PBXNativeTarget;
			buildConfigurationList = B2A2152E1EDEA9E900B19A4A /* Build configuration list for PBXNativeTarget "QHTradeTests" */;
			buildPhases = (
				B2A215131EDEA9E900B19A4A /* Sources */,
				B2A215141EDEA9E900B19A4A /* Frameworks */,
				B2A215151EDEA9E900B19A4A /* Resources */,
			);
			buildRules = (
			);
			dependencies = (
				B2A215191EDEA9E900B19A4A /* PBXTargetDependency */,
			);
			name = QHTradeTests;
			productName = QHTradeTests;
			productReference = B2A215171EDEA9E900B19A4A /* QHTradeTests.xctest */;
			productType = "com.apple.product-type.bundle.unit-test";
		};
		B2A215211EDEA9E900B19A4A /* QHTradeUITests */ = {
			isa = PBXNativeTarget;
			buildConfigurationList = B2A215311EDEA9E900B19A4A /* Build configuration list for PBXNativeTarget "QHTradeUITests" */;
			buildPhases = (
				B2A2151E1EDEA9E900B19A4A /* Sources */,
				B2A2151F1EDEA9E900B19A4A /* Frameworks */,
				B2A215201EDEA9E900B19A4A /* Resources */,
			);
			buildRules = (
			);
			dependencies = (
				B2A215241EDEA9E900B19A4A /* PBXTargetDependency */,
			);
			name = QHTradeUITests;
			productName = QHTradeUITests;
			productReference = B2A215221EDEA9E900B19A4A /* QHTradeUITests.xctest */;
			productType = "com.apple.product-type.bundle.ui-testing";
		};
/* End PBXNativeTarget section */

/* Begin PBXProject section */
		B2A214F61EDEA9E900B19A4A /* Project object */ = {
			isa = PBXProject;
			attributes = {
				LastUpgradeCheck = 0830;
				ORGANIZATIONNAME = qihuo.RDTrade.com;
				TargetAttributes = {
					B2A214FD1EDEA9E900B19A4A = {
						CreatedOnToolsVersion = 8.1;
						DevelopmentTeam = 3H53CUVWDV;
						ProvisioningStyle = Automatic;
					};
					B2A215161EDEA9E900B19A4A = {
						CreatedOnToolsVersion = 8.1;
						DevelopmentTeam = 3H53CUVWDV;
						ProvisioningStyle = Automatic;
						TestTargetID = B2A214FD1EDEA9E900B19A4A;
					};
					B2A215211EDEA9E900B19A4A = {
						CreatedOnToolsVersion = 8.1;
						DevelopmentTeam = 3H53CUVWDV;
						ProvisioningStyle = Automatic;
						TestTargetID = B2A214FD1EDEA9E900B19A4A;
					};
				};
			};
			buildConfigurationList = B2A214F91EDEA9E900B19A4A /* Build configuration list for PBXProject "QHTrade" */;
			compatibilityVersion = "Xcode 3.2";
			developmentRegion = English;
			hasScannedForEncodings = 0;
			knownRegions = (
				en,
				Base,
			);
			mainGroup = B2A214F51EDEA9E900B19A4A;
			productRefGroup = B2A214FF1EDEA9E900B19A4A /* Products */;
			projectDirPath = "";
			projectRoot = "";
			targets = (
				B2A214FD1EDEA9E900B19A4A /* QHTrade */,
				B2A215161EDEA9E900B19A4A /* QHTradeTests */,
				B2A215211EDEA9E900B19A4A /* QHTradeUITests */,
			);
		};
/* End PBXProject section */

/* Begin PBXResourcesBuildPhase section */
		B2A214FC1EDEA9E900B19A4A /* Resources */ = {
			isa = PBXResourcesBuildPhase;
			buildActionMask = 2147483647;
			files = (
				B2A215111EDEA9E900B19A4A /* LaunchScreen.storyboard in Resources */,
				B21BD2CA1EDFB9F500BAD836 /* PersonalViewController.xib in Resources */,
				B2A2150E1EDEA9E900B19A4A /* Assets.xcassets in Resources */,
			);
			runOnlyForDeploymentPostprocessing = 0;
		};
		B2A215151EDEA9E900B19A4A /* Resources */ = {
			isa = PBXResourcesBuildPhase;
			buildActionMask = 2147483647;
			files = (
			);
			runOnlyForDeploymentPostprocessing = 0;
		};
		B2A215201EDEA9E900B19A4A /* Resources */ = {
			isa = PBXResourcesBuildPhase;
			buildActionMask = 2147483647;
			files = (
			);
			runOnlyForDeploymentPostprocessing = 0;
		};
/* End PBXResourcesBuildPhase section */

/* Begin PBXShellScriptBuildPhase section */
		26E0B53724CCB61DAE223381 /* [CP] Check Pods Manifest.lock */ = {
			isa = PBXShellScriptBuildPhase;
			buildActionMask = 2147483647;
			files = (
			);
			inputPaths = (
			);
			name = "[CP] Check Pods Manifest.lock";
			outputPaths = (
			);
			runOnlyForDeploymentPostprocessing = 0;
			shellPath = /bin/sh;
			shellScript = "diff \"${PODS_ROOT}/../Podfile.lock\" \"${PODS_ROOT}/Manifest.lock\" > /dev/null\nif [ $? != 0 ] ; then\n    # print error to STDERR\n    echo \"error: The sandbox is not in sync with the Podfile.lock. Run 'pod install' or update your CocoaPods installation.\" >&2\n    exit 1\nfi\n";
			showEnvVarsInLog = 0;
		};
		83A7519FF5261839AA39619E /* [CP] Copy Pods Resources */ = {
			isa = PBXShellScriptBuildPhase;
			buildActionMask = 2147483647;
			files = (
			);
			inputPaths = (
			);
			name = "[CP] Copy Pods Resources";
			outputPaths = (
			);
			runOnlyForDeploymentPostprocessing = 0;
			shellPath = /bin/sh;
			shellScript = "\"${SRCROOT}/Pods/Target Support Files/Pods-QHTrade/Pods-QHTrade-resources.sh\"\n";
			showEnvVarsInLog = 0;
		};
		C4867A738919D61D8A02D35B /* [CP] Embed Pods Frameworks */ = {
			isa = PBXShellScriptBuildPhase;
			buildActionMask = 2147483647;
			files = (
			);
			inputPaths = (
			);
			name = "[CP] Embed Pods Frameworks";
			outputPaths = (
			);
			runOnlyForDeploymentPostprocessing = 0;
			shellPath = /bin/sh;
			shellScript = "\"${SRCROOT}/Pods/Target Support Files/Pods-QHTrade/Pods-QHTrade-frameworks.sh\"\n";
			showEnvVarsInLog = 0;
		};
/* End PBXShellScriptBuildPhase section */

/* Begin PBXSourcesBuildPhase section */
		B2A214FA1EDEA9E900B19A4A /* Sources */ = {
			isa = PBXSourcesBuildPhase;
			buildActionMask = 2147483647;
			files = (
				CEF331031EDF9CC50032F0EF /* BaseTableViewCell.m in Sources */,
				CEF331261EDFC20F0032F0EF /* sssss.m in Sources */,
				CEF331221EDFB3D50032F0EF /* UserInformation.m in Sources */,
				CEF3311C1EDFAE330032F0EF /* QHRequestModel.m in Sources */,
				CEF331051EDF9CC50032F0EF /* BaseViewModel.m in Sources */,
				CEF330EE1EDF9B720032F0EF /* UIImage+Extension.m in Sources */,
				B2A215061EDEA9E900B19A4A /* AppDelegate.m in Sources */,
				CEF331061EDF9CC50032F0EF /* NavigationBaseController.m in Sources */,
				CEF331081EDF9CC50032F0EF /* ViewBaseController.m in Sources */,
				CEF330F11EDF9BC60032F0EF /* UIView+Extension.m in Sources */,
				CEF331071EDF9CC50032F0EF /* TabBarBaseController.m in Sources */,
				CEF331131EDFA4AA0032F0EF /* MBProgressHUD+NJ.m in Sources */,
				CEF3311F1EDFB1E70032F0EF /* QHRequest+Api.m in Sources */,
				B2A215031EDEA9E900B19A4A /* main.m in Sources */,
				CEF331041EDF9CC50032F0EF /* BaseView.m in Sources */,
				B21BD2CB1EDFB9F500BAD836 /* PersonalViewController.m in Sources */,
				B21BD2C91EDFB9F500BAD836 /* PersonalViewModel.m in Sources */,
				CEF331191EDFAC750032F0EF /* QHRequest.m in Sources */,
			);
			runOnlyForDeploymentPostprocessing = 0;
		};
		B2A215131EDEA9E900B19A4A /* Sources */ = {
			isa = PBXSourcesBuildPhase;
			buildActionMask = 2147483647;
			files = (
				B2A2151C1EDEA9E900B19A4A /* QHTradeTests.m in Sources */,
			);
			runOnlyForDeploymentPostprocessing = 0;
		};
		B2A2151E1EDEA9E900B19A4A /* Sources */ = {
			isa = PBXSourcesBuildPhase;
			buildActionMask = 2147483647;
			files = (
				B2A215271EDEA9E900B19A4A /* QHTradeUITests.m in Sources */,
			);
			runOnlyForDeploymentPostprocessing = 0;
		};
/* End PBXSourcesBuildPhase section */

/* Begin PBXTargetDependency section */
		B2A215191EDEA9E900B19A4A /* PBXTargetDependency */ = {
			isa = PBXTargetDependency;
			target = B2A214FD1EDEA9E900B19A4A /* QHTrade */;
			targetProxy = B2A215181EDEA9E900B19A4A /* PBXContainerItemProxy */;
		};
		B2A215241EDEA9E900B19A4A /* PBXTargetDependency */ = {
			isa = PBXTargetDependency;
			target = B2A214FD1EDEA9E900B19A4A /* QHTrade */;
			targetProxy = B2A215231EDEA9E900B19A4A /* PBXContainerItemProxy */;
		};
/* End PBXTargetDependency section */

/* Begin PBXVariantGroup section */
		B2A2150F1EDEA9E900B19A4A /* LaunchScreen.storyboard */ = {
			isa = PBXVariantGroup;
			children = (
				B2A215101EDEA9E900B19A4A /* Base */,
			);
			name = LaunchScreen.storyboard;
			sourceTree = "<group>";
		};
/* End PBXVariantGroup section */

/* Begin XCBuildConfiguration section */
		B2A215291EDEA9E900B19A4A /* Debug */ = {
			isa = XCBuildConfiguration;
			buildSettings = {
				ALWAYS_SEARCH_USER_PATHS = NO;
				CLANG_ANALYZER_NONNULL = YES;
				CLANG_CXX_LANGUAGE_STANDARD = "gnu++0x";
				CLANG_CXX_LIBRARY = "libc++";
				CLANG_ENABLE_MODULES = YES;
				CLANG_ENABLE_OBJC_ARC = YES;
				CLANG_WARN_BOOL_CONVERSION = YES;
				CLANG_WARN_CONSTANT_CONVERSION = YES;
				CLANG_WARN_DIRECT_OBJC_ISA_USAGE = YES_ERROR;
				CLANG_WARN_DOCUMENTATION_COMMENTS = YES;
				CLANG_WARN_EMPTY_BODY = YES;
				CLANG_WARN_ENUM_CONVERSION = YES;
				CLANG_WARN_INFINITE_RECURSION = YES;
				CLANG_WARN_INT_CONVERSION = YES;
				CLANG_WARN_OBJC_ROOT_CLASS = YES_ERROR;
				CLANG_WARN_SUSPICIOUS_MOVE = YES;
				CLANG_WARN_SUSPICIOUS_MOVES = YES;
				CLANG_WARN_UNREACHABLE_CODE = YES;
				CLANG_WARN__DUPLICATE_METHOD_MATCH = YES;
				"CODE_SIGN_IDENTITY[sdk=iphoneos*]" = "iPhone Developer";
				COPY_PHASE_STRIP = NO;
				DEBUG_INFORMATION_FORMAT = dwarf;
				ENABLE_STRICT_OBJC_MSGSEND = YES;
				ENABLE_TESTABILITY = YES;
				GCC_C_LANGUAGE_STANDARD = gnu99;
				GCC_DYNAMIC_NO_PIC = NO;
				GCC_NO_COMMON_BLOCKS = YES;
				GCC_OPTIMIZATION_LEVEL = 0;
				GCC_PREPROCESSOR_DEFINITIONS = (
					"DEBUG=1",
					"$(inherited)",
				);
				GCC_WARN_64_TO_32_BIT_CONVERSION = YES;
				GCC_WARN_ABOUT_RETURN_TYPE = YES_ERROR;
				GCC_WARN_UNDECLARED_SELECTOR = YES;
				GCC_WARN_UNINITIALIZED_AUTOS = YES_AGGRESSIVE;
				GCC_WARN_UNUSED_FUNCTION = YES;
				GCC_WARN_UNUSED_VARIABLE = YES;
				IPHONEOS_DEPLOYMENT_TARGET = 10.2;
				MTL_ENABLE_DEBUG_INFO = YES;
				ONLY_ACTIVE_ARCH = YES;
				SDKROOT = iphoneos;
			};
			name = Debug;
		};
		B2A2152A1EDEA9E900B19A4A /* Release */ = {
			isa = XCBuildConfiguration;
			buildSettings = {
				ALWAYS_SEARCH_USER_PATHS = NO;
				CLANG_ANALYZER_NONNULL = YES;
				CLANG_CXX_LANGUAGE_STANDARD = "gnu++0x";
				CLANG_CXX_LIBRARY = "libc++";
				CLANG_ENABLE_MODULES = YES;
				CLANG_ENABLE_OBJC_ARC = YES;
				CLANG_WARN_BOOL_CONVERSION = YES;
				CLANG_WARN_CONSTANT_CONVERSION = YES;
				CLANG_WARN_DIRECT_OBJC_ISA_USAGE = YES_ERROR;
				CLANG_WARN_DOCUMENTATION_COMMENTS = YES;
				CLANG_WARN_EMPTY_BODY = YES;
				CLANG_WARN_ENUM_CONVERSION = YES;
				CLANG_WARN_INFINITE_RECURSION = YES;
				CLANG_WARN_INT_CONVERSION = YES;
				CLANG_WARN_OBJC_ROOT_CLASS = YES_ERROR;
				CLANG_WARN_SUSPICIOUS_MOVE = YES;
				CLANG_WARN_SUSPICIOUS_MOVES = YES;
				CLANG_WARN_UNREACHABLE_CODE = YES;
				CLANG_WARN__DUPLICATE_METHOD_MATCH = YES;
				"CODE_SIGN_IDENTITY[sdk=iphoneos*]" = "iPhone Developer";
				COPY_PHASE_STRIP = NO;
				DEBUG_INFORMATION_FORMAT = "dwarf-with-dsym";
				ENABLE_NS_ASSERTIONS = NO;
				ENABLE_STRICT_OBJC_MSGSEND = YES;
				GCC_C_LANGUAGE_STANDARD = gnu99;
				GCC_NO_COMMON_BLOCKS = YES;
				GCC_WARN_64_TO_32_BIT_CONVERSION = YES;
				GCC_WARN_ABOUT_RETURN_TYPE = YES_ERROR;
				GCC_WARN_UNDECLARED_SELECTOR = YES;
				GCC_WARN_UNINITIALIZED_AUTOS = YES_AGGRESSIVE;
				GCC_WARN_UNUSED_FUNCTION = YES;
				GCC_WARN_UNUSED_VARIABLE = YES;
				IPHONEOS_DEPLOYMENT_TARGET = 10.2;
				MTL_ENABLE_DEBUG_INFO = NO;
				SDKROOT = iphoneos;
				VALIDATE_PRODUCT = YES;
			};
			name = Release;
		};
		B2A2152C1EDEA9E900B19A4A /* Debug */ = {
			isa = XCBuildConfiguration;
			baseConfigurationReference = DB23E11BA4D680FD0F61CE42 /* Pods-QHTrade.debug.xcconfig */;
			buildSettings = {
				ASSETCATALOG_COMPILER_APPICON_NAME = AppIcon;
				DEVELOPMENT_TEAM = 3H53CUVWDV;
				GCC_PREFIX_HEADER = "$(SRCROOT)/$(PROJECT_NAME)/Common/PrefixHeader.pch";
				INFOPLIST_FILE = QHTrade/Info.plist;
				IPHONEOS_DEPLOYMENT_TARGET = 8.0;
				LD_RUNPATH_SEARCH_PATHS = "$(inherited) @executable_path/Frameworks";
				PRODUCT_BUNDLE_IDENTIFIER = com.qihuo.QHTrade;
				PRODUCT_NAME = "$(TARGET_NAME)";
			};
			name = Debug;
		};
		B2A2152D1EDEA9E900B19A4A /* Release */ = {
			isa = XCBuildConfiguration;
			baseConfigurationReference = E3D3E11B3D85ACEA2AE90524 /* Pods-QHTrade.release.xcconfig */;
			buildSettings = {
				ASSETCATALOG_COMPILER_APPICON_NAME = AppIcon;
				DEVELOPMENT_TEAM = 3H53CUVWDV;
				GCC_PREFIX_HEADER = "$(SRCROOT)/$(PROJECT_NAME)/Common/PrefixHeader.pch";
				INFOPLIST_FILE = QHTrade/Info.plist;
				IPHONEOS_DEPLOYMENT_TARGET = 8.0;
				LD_RUNPATH_SEARCH_PATHS = "$(inherited) @executable_path/Frameworks";
				PRODUCT_BUNDLE_IDENTIFIER = com.qihuo.QHTrade;
				PRODUCT_NAME = "$(TARGET_NAME)";
			};
			name = Release;
		};
		B2A2152F1EDEA9E900B19A4A /* Debug */ = {
			isa = XCBuildConfiguration;
			buildSettings = {
				BUNDLE_LOADER = "$(TEST_HOST)";
				DEVELOPMENT_TEAM = 3H53CUVWDV;
				INFOPLIST_FILE = QHTradeTests/Info.plist;
				LD_RUNPATH_SEARCH_PATHS = "$(inherited) @executable_path/Frameworks @loader_path/Frameworks";
				PRODUCT_BUNDLE_IDENTIFIER = com.qihuo.QHTradeTests;
				PRODUCT_NAME = "$(TARGET_NAME)";
				TEST_HOST = "$(BUILT_PRODUCTS_DIR)/QHTrade.app/QHTrade";
			};
			name = Debug;
		};
		B2A215301EDEA9E900B19A4A /* Release */ = {
			isa = XCBuildConfiguration;
			buildSettings = {
				BUNDLE_LOADER = "$(TEST_HOST)";
				DEVELOPMENT_TEAM = 3H53CUVWDV;
				INFOPLIST_FILE = QHTradeTests/Info.plist;
				LD_RUNPATH_SEARCH_PATHS = "$(inherited) @executable_path/Frameworks @loader_path/Frameworks";
				PRODUCT_BUNDLE_IDENTIFIER = com.qihuo.QHTradeTests;
				PRODUCT_NAME = "$(TARGET_NAME)";
				TEST_HOST = "$(BUILT_PRODUCTS_DIR)/QHTrade.app/QHTrade";
			};
			name = Release;
		};
		B2A215321EDEA9E900B19A4A /* Debug */ = {
			isa = XCBuildConfiguration;
			buildSettings = {
				DEVELOPMENT_TEAM = 3H53CUVWDV;
				INFOPLIST_FILE = QHTradeUITests/Info.plist;
				LD_RUNPATH_SEARCH_PATHS = "$(inherited) @executable_path/Frameworks @loader_path/Frameworks";
				PRODUCT_BUNDLE_IDENTIFIER = com.qihuo.QHTradeUITests;
				PRODUCT_NAME = "$(TARGET_NAME)";
				TEST_TARGET_NAME = QHTrade;
			};
			name = Debug;
		};
		B2A215331EDEA9E900B19A4A /* Release */ = {
			isa = XCBuildConfiguration;
			buildSettings = {
				DEVELOPMENT_TEAM = 3H53CUVWDV;
				INFOPLIST_FILE = QHTradeUITests/Info.plist;
				LD_RUNPATH_SEARCH_PATHS = "$(inherited) @executable_path/Frameworks @loader_path/Frameworks";
				PRODUCT_BUNDLE_IDENTIFIER = com.qihuo.QHTradeUITests;
				PRODUCT_NAME = "$(TARGET_NAME)";
				TEST_TARGET_NAME = QHTrade;
			};
			name = Release;
		};
/* End XCBuildConfiguration section */

/* Begin XCConfigurationList section */
		B2A214F91EDEA9E900B19A4A /* Build configuration list for PBXProject "QHTrade" */ = {
			isa = XCConfigurationList;
			buildConfigurations = (
				B2A215291EDEA9E900B19A4A /* Debug */,
				B2A2152A1EDEA9E900B19A4A /* Release */,
			);
			defaultConfigurationIsVisible = 0;
			defaultConfigurationName = Release;
		};
		B2A2152B1EDEA9E900B19A4A /* Build configuration list for PBXNativeTarget "QHTrade" */ = {
			isa = XCConfigurationList;
			buildConfigurations = (
				B2A2152C1EDEA9E900B19A4A /* Debug */,
				B2A2152D1EDEA9E900B19A4A /* Release */,
			);
			defaultConfigurationIsVisible = 0;
			defaultConfigurationName = Release;
		};
		B2A2152E1EDEA9E900B19A4A /* Build configuration list for PBXNativeTarget "QHTradeTests" */ = {
			isa = XCConfigurationList;
			buildConfigurations = (
				B2A2152F1EDEA9E900B19A4A /* Debug */,
				B2A215301EDEA9E900B19A4A /* Release */,
			);
			defaultConfigurationIsVisible = 0;
			defaultConfigurationName = Release;
		};
		B2A215311EDEA9E900B19A4A /* Build configuration list for PBXNativeTarget "QHTradeUITests" */ = {
			isa = XCConfigurationList;
			buildConfigurations = (
				B2A215321EDEA9E900B19A4A /* Debug */,
				B2A215331EDEA9E900B19A4A /* Release */,
			);
			defaultConfigurationIsVisible = 0;
			defaultConfigurationName = Release;
		};
/* End XCConfigurationList section */
	};
	rootObject = B2A214F61EDEA9E900B19A4A /* Project object */;
}
