// !$*UTF8*$!
{
	archiveVersion = 1;
	classes = {
	};
	objectVersion = 46;
	objects = {

/* Begin PBXBuildFile section */
		B21783771EE191910079FC9E /* PersonalHeadView.m in Sources */ = {isa = PBXBuildFile; fileRef = B2E7D1771EE0F8FF00918040 /* PersonalHeadView.m */; };
		B21783791EE192650079FC9E /* QHChartView.m in Sources */ = {isa = PBXBuildFile; fileRef = B2E7D1891EE163DC00918040 /* QHChartView.m */; };
		B217837A1EE192710079FC9E /* BarChartView.m in Sources */ = {isa = PBXBuildFile; fileRef = B2E7D1861EE1613C00918040 /* BarChartView.m */; };
		B21783831EE195460079FC9E /* PersonalBottomCell.m in Sources */ = {isa = PBXBuildFile; fileRef = B21783811EE195460079FC9E /* PersonalBottomCell.m */; };
		B21783841EE195460079FC9E /* PersonalBottomCell.xib in Resources */ = {isa = PBXBuildFile; fileRef = B21783821EE195460079FC9E /* PersonalBottomCell.xib */; };
		B21783871EE1959B0079FC9E /* TradeRecordsCell.m in Sources */ = {isa = PBXBuildFile; fileRef = B21783861EE1959B0079FC9E /* TradeRecordsCell.m */; };
		B217838B1EE196000079FC9E /* TradeRecordsCell.xib in Resources */ = {isa = PBXBuildFile; fileRef = B217838A1EE196000079FC9E /* TradeRecordsCell.xib */; };
		B21BD2C91EDFB9F500BAD836 /* PersonalViewModel.m in Sources */ = {isa = PBXBuildFile; fileRef = B21BD2C21EDFB9F500BAD836 /* PersonalViewModel.m */; };
		B21BD2CA1EDFB9F500BAD836 /* PersonalViewController.xib in Resources */ = {isa = PBXBuildFile; fileRef = B21BD2C41EDFB9F500BAD836 /* PersonalViewController.xib */; };
		B21BD2CB1EDFB9F500BAD836 /* PersonalViewController.m in Sources */ = {isa = PBXBuildFile; fileRef = B21BD2C51EDFB9F500BAD836 /* PersonalViewController.m */; };
		B21BD2CC1EDFB9F500BAD836 /* PersonalMainView.m in Sources */ = {isa = PBXBuildFile; fileRef = B21BD2C71EDFB9F500BAD836 /* PersonalMainView.m */; };
		B2A215031EDEA9E900B19A4A /* main.m in Sources */ = {isa = PBXBuildFile; fileRef = B2A215021EDEA9E900B19A4A /* main.m */; };
		B2A215061EDEA9E900B19A4A /* AppDelegate.m in Sources */ = {isa = PBXBuildFile; fileRef = B2A215051EDEA9E900B19A4A /* AppDelegate.m */; };
		B2A2150E1EDEA9E900B19A4A /* Assets.xcassets in Resources */ = {isa = PBXBuildFile; fileRef = B2A2150D1EDEA9E900B19A4A /* Assets.xcassets */; };
		B2A215111EDEA9E900B19A4A /* LaunchScreen.storyboard in Resources */ = {isa = PBXBuildFile; fileRef = B2A2150F1EDEA9E900B19A4A /* LaunchScreen.storyboard */; };
		B2A2151C1EDEA9E900B19A4A /* QHTradeTests.m in Sources */ = {isa = PBXBuildFile; fileRef = B2A2151B1EDEA9E900B19A4A /* QHTradeTests.m */; };
		B2A215271EDEA9E900B19A4A /* QHTradeUITests.m in Sources */ = {isa = PBXBuildFile; fileRef = B2A215261EDEA9E900B19A4A /* QHTradeUITests.m */; };
		B2F205DC1EDFFEC800FA4D52 /* PersonalCollectionCell.m in Sources */ = {isa = PBXBuildFile; fileRef = B2F205D41EDFFEC800FA4D52 /* PersonalCollectionCell.m */; };
		B2F205DD1EDFFEC800FA4D52 /* PersonalCollectionCell.xib in Resources */ = {isa = PBXBuildFile; fileRef = B2F205D51EDFFEC800FA4D52 /* PersonalCollectionCell.xib */; };
		B2F205DE1EDFFEC800FA4D52 /* PersonalFirstCell.m in Sources */ = {isa = PBXBuildFile; fileRef = B2F205D71EDFFEC800FA4D52 /* PersonalFirstCell.m */; };
		B2F205DF1EDFFEC800FA4D52 /* PersonalFirstCell.xib in Resources */ = {isa = PBXBuildFile; fileRef = B2F205D81EDFFEC800FA4D52 /* PersonalFirstCell.xib */; };
		B2F205E01EDFFEC800FA4D52 /* PersonalSecondCell.m in Sources */ = {isa = PBXBuildFile; fileRef = B2F205DA1EDFFEC800FA4D52 /* PersonalSecondCell.m */; };
		B2F205E11EDFFEC800FA4D52 /* PersonalSecondCell.xib in Resources */ = {isa = PBXBuildFile; fileRef = B2F205DB1EDFFEC800FA4D52 /* PersonalSecondCell.xib */; };
		B73AFA0A506780FED210E1D0 /* Pods_QHTrade.framework in Frameworks */ = {isa = PBXBuildFile; fileRef = 972BB4CEA1349E67DFAA5B40 /* Pods_QHTrade.framework */; };
		CE07A1571F01F42A006BC645 /* MyContractCollectionCellView.m in Sources */ = {isa = PBXBuildFile; fileRef = CE07A1561F01F42A006BC645 /* MyContractCollectionCellView.m */; };
		CE1912EB1EE7F2B50049FE1E /* MainContractViewController.m in Sources */ = {isa = PBXBuildFile; fileRef = CE1912EA1EE7F2B50049FE1E /* MainContractViewController.m */; };
		CE1912EF1EE7F2CA0049FE1E /* SHFEViewController.m in Sources */ = {isa = PBXBuildFile; fileRef = CE1912EE1EE7F2CA0049FE1E /* SHFEViewController.m */; };
		CE1912F21EE7F2D30049FE1E /* DCEViewController.m in Sources */ = {isa = PBXBuildFile; fileRef = CE1912F11EE7F2D30049FE1E /* DCEViewController.m */; };
		CE1912F51EE7F2E30049FE1E /* ZZCEViewController.m in Sources */ = {isa = PBXBuildFile; fileRef = CE1912F41EE7F2E30049FE1E /* ZZCEViewController.m */; };
		CE1912F81EE7F2F60049FE1E /* CFFEXViewController.m in Sources */ = {isa = PBXBuildFile; fileRef = CE1912F71EE7F2F60049FE1E /* CFFEXViewController.m */; };
		CE1912FD1EE7F7070049FE1E /* OptionalContractView.m in Sources */ = {isa = PBXBuildFile; fileRef = CE1912FC1EE7F7070049FE1E /* OptionalContractView.m */; };
		CE1913001EE7F82B0049FE1E /* OptionalContractHeadView.m in Sources */ = {isa = PBXBuildFile; fileRef = CE1912FF1EE7F82B0049FE1E /* OptionalContractHeadView.m */; };
		CE1913071EE7F8750049FE1E /* MainContractView.m in Sources */ = {isa = PBXBuildFile; fileRef = CE1913061EE7F8750049FE1E /* MainContractView.m */; };
		CE19130A1EE7F8880049FE1E /* MainContractHeadView.m in Sources */ = {isa = PBXBuildFile; fileRef = CE1913091EE7F8880049FE1E /* MainContractHeadView.m */; };
		CE19130D1EE7F8A30049FE1E /* MainContractViewModel.m in Sources */ = {isa = PBXBuildFile; fileRef = CE19130C1EE7F8A30049FE1E /* MainContractViewModel.m */; };
		CE1913101EE7F8BD0049FE1E /* SHFEViewModel.m in Sources */ = {isa = PBXBuildFile; fileRef = CE19130F1EE7F8BD0049FE1E /* SHFEViewModel.m */; };
		CE1913131EE7F8D30049FE1E /* SHFEView.m in Sources */ = {isa = PBXBuildFile; fileRef = CE1913121EE7F8D30049FE1E /* SHFEView.m */; };
		CE1913161EE7F8DD0049FE1E /* SHFEHeadView.m in Sources */ = {isa = PBXBuildFile; fileRef = CE1913151EE7F8DD0049FE1E /* SHFEHeadView.m */; };
		CE1913201EE7F93D0049FE1E /* DCEView.m in Sources */ = {isa = PBXBuildFile; fileRef = CE19131F1EE7F93D0049FE1E /* DCEView.m */; };
		CE1913231EE7F9490049FE1E /* DCEHeadView.m in Sources */ = {isa = PBXBuildFile; fileRef = CE1913221EE7F9490049FE1E /* DCEHeadView.m */; };
		CE1913261EE7F9550049FE1E /* DCEViewModel.m in Sources */ = {isa = PBXBuildFile; fileRef = CE1913251EE7F9550049FE1E /* DCEViewModel.m */; };
		CE1913291EE7F9670049FE1E /* ZZCEViewModel.m in Sources */ = {isa = PBXBuildFile; fileRef = CE1913281EE7F9670049FE1E /* ZZCEViewModel.m */; };
		CE19132C1EE7F97B0049FE1E /* ZZCEView.m in Sources */ = {isa = PBXBuildFile; fileRef = CE19132B1EE7F97B0049FE1E /* ZZCEView.m */; };
		CE19132F1EE7F9860049FE1E /* ZZCEHeadView.m in Sources */ = {isa = PBXBuildFile; fileRef = CE19132E1EE7F9860049FE1E /* ZZCEHeadView.m */; };
		CE1913321EE7F9BA0049FE1E /* CFFEXHeadView.m in Sources */ = {isa = PBXBuildFile; fileRef = CE1913311EE7F9BA0049FE1E /* CFFEXHeadView.m */; };
		CE1913351EE7F9CD0049FE1E /* CFFEXView.m in Sources */ = {isa = PBXBuildFile; fileRef = CE1913341EE7F9CD0049FE1E /* CFFEXView.m */; };
		CE1913381EE7F9E00049FE1E /* CFFEXViewModel.m in Sources */ = {isa = PBXBuildFile; fileRef = CE1913371EE7F9E00049FE1E /* CFFEXViewModel.m */; };
		CE29DE2F1EE559F200F1BD15 /* OptionalContractViewController.m in Sources */ = {isa = PBXBuildFile; fileRef = CE29DE2E1EE559F200F1BD15 /* OptionalContractViewController.m */; };
		CE29DE381EE55DB200F1BD15 /* OptionalContractViewModel.m in Sources */ = {isa = PBXBuildFile; fileRef = CE29DE371EE55DB200F1BD15 /* OptionalContractViewModel.m */; };
		CE2B389C1EE790DB00A85EB6 /* MyContractViewController.m in Sources */ = {isa = PBXBuildFile; fileRef = CE2B389B1EE790DB00A85EB6 /* MyContractViewController.m */; };
		CE2B38A01EE791FA00A85EB6 /* MyContractViewModel.m in Sources */ = {isa = PBXBuildFile; fileRef = CE2B389F1EE791FA00A85EB6 /* MyContractViewModel.m */; };
		CE2B38A41EE7A43500A85EB6 /* MyContractView.m in Sources */ = {isa = PBXBuildFile; fileRef = CE2B38A31EE7A43500A85EB6 /* MyContractView.m */; };
		CED00E011F01542B00791B47 /* MycontractSegmentcontrolView.m in Sources */ = {isa = PBXBuildFile; fileRef = CED00E001F01542B00791B47 /* MycontractSegmentcontrolView.m */; };
		CED8FB871F04AD3B00ADF408 /* PositionModel.m in Sources */ = {isa = PBXBuildFile; fileRef = CED8FB821F04AD3B00ADF408 /* PositionModel.m */; };
		CED8FB881F04AD3B00ADF408 /* PositionTableViewCell.m in Sources */ = {isa = PBXBuildFile; fileRef = CED8FB841F04AD3B00ADF408 /* PositionTableViewCell.m */; };
		CED8FB891F04AD3B00ADF408 /* PositionView.m in Sources */ = {isa = PBXBuildFile; fileRef = CED8FB861F04AD3B00ADF408 /* PositionView.m */; };
		CED8FB8D1F04AFDB00ADF408 /* HangOrderView.m in Sources */ = {isa = PBXBuildFile; fileRef = CED8FB8C1F04AFDB00ADF408 /* HangOrderView.m */; };
		CED8FB931F04B00700ADF408 /* HangOrderTableViewCell.m in Sources */ = {isa = PBXBuildFile; fileRef = CED8FB921F04B00700ADF408 /* HangOrderTableViewCell.m */; };
		CEF330EE1EDF9B720032F0EF /* UIImage+Extension.m in Sources */ = {isa = PBXBuildFile; fileRef = CEF330ED1EDF9B720032F0EF /* UIImage+Extension.m */; };
		CEF330F11EDF9BC60032F0EF /* UIView+Extension.m in Sources */ = {isa = PBXBuildFile; fileRef = CEF330F01EDF9BC60032F0EF /* UIView+Extension.m */; };
		CEF331031EDF9CC50032F0EF /* BaseTableViewCell.m in Sources */ = {isa = PBXBuildFile; fileRef = CEF330F41EDF9CC50032F0EF /* BaseTableViewCell.m */; };
		CEF331041EDF9CC50032F0EF /* BaseView.m in Sources */ = {isa = PBXBuildFile; fileRef = CEF330F71EDF9CC50032F0EF /* BaseView.m */; };
		CEF331051EDF9CC50032F0EF /* BaseViewModel.m in Sources */ = {isa = PBXBuildFile; fileRef = CEF330F91EDF9CC50032F0EF /* BaseViewModel.m */; };
		CEF331061EDF9CC50032F0EF /* NavigationBaseController.m in Sources */ = {isa = PBXBuildFile; fileRef = CEF330FD1EDF9CC50032F0EF /* NavigationBaseController.m */; };
		CEF331071EDF9CC50032F0EF /* TabBarBaseController.m in Sources */ = {isa = PBXBuildFile; fileRef = CEF330FF1EDF9CC50032F0EF /* TabBarBaseController.m */; };
		CEF331081EDF9CC50032F0EF /* ViewBaseController.m in Sources */ = {isa = PBXBuildFile; fileRef = CEF331011EDF9CC50032F0EF /* ViewBaseController.m */; };
		CEF331131EDFA4AA0032F0EF /* MBProgressHUD+NJ.m in Sources */ = {isa = PBXBuildFile; fileRef = CEF3310C1EDFA4AA0032F0EF /* MBProgressHUD+NJ.m */; };
		CEF331191EDFAC750032F0EF /* QHRequest.m in Sources */ = {isa = PBXBuildFile; fileRef = CEF331181EDFAC750032F0EF /* QHRequest.m */; };
		CEF3311C1EDFAE330032F0EF /* QHRequestModel.m in Sources */ = {isa = PBXBuildFile; fileRef = CEF3311B1EDFAE330032F0EF /* QHRequestModel.m */; };
		CEF3311F1EDFB1E70032F0EF /* QHRequest+Api.m in Sources */ = {isa = PBXBuildFile; fileRef = CEF3311E1EDFB1E70032F0EF /* QHRequest+Api.m */; };
		CEF331221EDFB3D50032F0EF /* UserInformation.m in Sources */ = {isa = PBXBuildFile; fileRef = CEF331211EDFB3D50032F0EF /* UserInformation.m */; };
		CEF3312A1EDFD9CA0032F0EF /* DynamicsViewController.m in Sources */ = {isa = PBXBuildFile; fileRef = CEF331291EDFD9CA0032F0EF /* DynamicsViewController.m */; };
		CEF3312E1EDFDBCB0032F0EF /* QHTabBar.m in Sources */ = {isa = PBXBuildFile; fileRef = CEF3312D1EDFDBCB0032F0EF /* QHTabBar.m */; };
		CEF331321EDFDF080032F0EF /* DiscoverViewController.m in Sources */ = {isa = PBXBuildFile; fileRef = CEF331311EDFDF080032F0EF /* DiscoverViewController.m */; };
		CEF331381EE00A5D0032F0EF /* DynamicsView.m in Sources */ = {isa = PBXBuildFile; fileRef = CEF331371EE00A5D0032F0EF /* DynamicsView.m */; };
		CEF3313B1EE00BA60032F0EF /* DynamicsViewModel.m in Sources */ = {isa = PBXBuildFile; fileRef = CEF3313A1EE00BA60032F0EF /* DynamicsViewModel.m */; };
		CEF3313E1EE00BE40032F0EF /* DynamicsModel.m in Sources */ = {isa = PBXBuildFile; fileRef = CEF3313D1EE00BE40032F0EF /* DynamicsModel.m */; };
		CEF7D5681EE1460E000A869E /* DynamicsNavigationCenterView.m in Sources */ = {isa = PBXBuildFile; fileRef = CEF7D5671EE1460E000A869E /* DynamicsNavigationCenterView.m */; };
		CEFA70711EFA1FAC0046AF84 /* MyContractHeadView.m in Sources */ = {isa = PBXBuildFile; fileRef = CEFA70701EFA1FAC0046AF84 /* MyContractHeadView.m */; };
/* End PBXBuildFile section */

/* Begin PBXContainerItemProxy section */
		B2A215181EDEA9E900B19A4A /* PBXContainerItemProxy */ = {
			isa = PBXContainerItemProxy;
			containerPortal = B2A214F61EDEA9E900B19A4A /* Project object */;
			proxyType = 1;
			remoteGlobalIDString = B2A214FD1EDEA9E900B19A4A;
			remoteInfo = QHTrade;
		};
		B2A215231EDEA9E900B19A4A /* PBXContainerItemProxy */ = {
			isa = PBXContainerItemProxy;
			containerPortal = B2A214F61EDEA9E900B19A4A /* Project object */;
			proxyType = 1;
			remoteGlobalIDString = B2A214FD1EDEA9E900B19A4A;
			remoteInfo = QHTrade;
		};
/* End PBXContainerItemProxy section */

/* Begin PBXFileReference section */
		972BB4CEA1349E67DFAA5B40 /* Pods_QHTrade.framework */ = {isa = PBXFileReference; explicitFileType = wrapper.framework; includeInIndex = 0; path = Pods_QHTrade.framework; sourceTree = BUILT_PRODUCTS_DIR; };
		B21783801EE195460079FC9E /* PersonalBottomCell.h */ = {isa = PBXFileReference; fileEncoding = 4; lastKnownFileType = sourcecode.c.h; path = PersonalBottomCell.h; sourceTree = "<group>"; };
		B21783811EE195460079FC9E /* PersonalBottomCell.m */ = {isa = PBXFileReference; fileEncoding = 4; lastKnownFileType = sourcecode.c.objc; path = PersonalBottomCell.m; sourceTree = "<group>"; };
		B21783821EE195460079FC9E /* PersonalBottomCell.xib */ = {isa = PBXFileReference; fileEncoding = 4; lastKnownFileType = file.xib; path = PersonalBottomCell.xib; sourceTree = "<group>"; };
		B21783851EE1959B0079FC9E /* TradeRecordsCell.h */ = {isa = PBXFileReference; fileEncoding = 4; lastKnownFileType = sourcecode.c.h; path = TradeRecordsCell.h; sourceTree = "<group>"; };
		B21783861EE1959B0079FC9E /* TradeRecordsCell.m */ = {isa = PBXFileReference; fileEncoding = 4; lastKnownFileType = sourcecode.c.objc; path = TradeRecordsCell.m; sourceTree = "<group>"; };
		B217838A1EE196000079FC9E /* TradeRecordsCell.xib */ = {isa = PBXFileReference; fileEncoding = 4; lastKnownFileType = file.xib; path = TradeRecordsCell.xib; sourceTree = "<group>"; };
		B21BD2C21EDFB9F500BAD836 /* PersonalViewModel.m */ = {isa = PBXFileReference; fileEncoding = 4; lastKnownFileType = sourcecode.c.objc; path = PersonalViewModel.m; sourceTree = "<group>"; };
		B21BD2C31EDFB9F500BAD836 /* PersonalViewModel.h */ = {isa = PBXFileReference; fileEncoding = 4; lastKnownFileType = sourcecode.c.h; path = PersonalViewModel.h; sourceTree = "<group>"; };
		B21BD2C41EDFB9F500BAD836 /* PersonalViewController.xib */ = {isa = PBXFileReference; fileEncoding = 4; lastKnownFileType = file.xib; path = PersonalViewController.xib; sourceTree = "<group>"; };
		B21BD2C51EDFB9F500BAD836 /* PersonalViewController.m */ = {isa = PBXFileReference; fileEncoding = 4; lastKnownFileType = sourcecode.c.objc; path = PersonalViewController.m; sourceTree = "<group>"; };
		B21BD2C61EDFB9F500BAD836 /* PersonalViewController.h */ = {isa = PBXFileReference; fileEncoding = 4; lastKnownFileType = sourcecode.c.h; path = PersonalViewController.h; sourceTree = "<group>"; };
		B21BD2C71EDFB9F500BAD836 /* PersonalMainView.m */ = {isa = PBXFileReference; fileEncoding = 4; lastKnownFileType = sourcecode.c.objc; path = PersonalMainView.m; sourceTree = "<group>"; };
		B21BD2C81EDFB9F500BAD836 /* PersonalMainView.h */ = {isa = PBXFileReference; fileEncoding = 4; lastKnownFileType = sourcecode.c.h; path = PersonalMainView.h; sourceTree = "<group>"; };
		B2A214FE1EDEA9E900B19A4A /* QHTrade.app */ = {isa = PBXFileReference; explicitFileType = wrapper.application; includeInIndex = 0; path = QHTrade.app; sourceTree = BUILT_PRODUCTS_DIR; };
		B2A215021EDEA9E900B19A4A /* main.m */ = {isa = PBXFileReference; lastKnownFileType = sourcecode.c.objc; path = main.m; sourceTree = "<group>"; };
		B2A215041EDEA9E900B19A4A /* AppDelegate.h */ = {isa = PBXFileReference; lastKnownFileType = sourcecode.c.h; path = AppDelegate.h; sourceTree = "<group>"; };
		B2A215051EDEA9E900B19A4A /* AppDelegate.m */ = {isa = PBXFileReference; lastKnownFileType = sourcecode.c.objc; path = AppDelegate.m; sourceTree = "<group>"; };
		B2A2150D1EDEA9E900B19A4A /* Assets.xcassets */ = {isa = PBXFileReference; lastKnownFileType = folder.assetcatalog; path = Assets.xcassets; sourceTree = "<group>"; };
		B2A215101EDEA9E900B19A4A /* Base */ = {isa = PBXFileReference; lastKnownFileType = file.storyboard; name = Base; path = Base.lproj/LaunchScreen.storyboard; sourceTree = "<group>"; };
		B2A215121EDEA9E900B19A4A /* Info.plist */ = {isa = PBXFileReference; lastKnownFileType = text.plist.xml; path = Info.plist; sourceTree = "<group>"; };
		B2A215171EDEA9E900B19A4A /* QHTradeTests.xctest */ = {isa = PBXFileReference; explicitFileType = wrapper.cfbundle; includeInIndex = 0; path = QHTradeTests.xctest; sourceTree = BUILT_PRODUCTS_DIR; };
		B2A2151B1EDEA9E900B19A4A /* QHTradeTests.m */ = {isa = PBXFileReference; lastKnownFileType = sourcecode.c.objc; path = QHTradeTests.m; sourceTree = "<group>"; };
		B2A2151D1EDEA9E900B19A4A /* Info.plist */ = {isa = PBXFileReference; lastKnownFileType = text.plist.xml; path = Info.plist; sourceTree = "<group>"; };
		B2A215221EDEA9E900B19A4A /* QHTradeUITests.xctest */ = {isa = PBXFileReference; explicitFileType = wrapper.cfbundle; includeInIndex = 0; path = QHTradeUITests.xctest; sourceTree = BUILT_PRODUCTS_DIR; };
		B2A215261EDEA9E900B19A4A /* QHTradeUITests.m */ = {isa = PBXFileReference; lastKnownFileType = sourcecode.c.objc; path = QHTradeUITests.m; sourceTree = "<group>"; };
		B2A215281EDEA9E900B19A4A /* Info.plist */ = {isa = PBXFileReference; lastKnownFileType = text.plist.xml; path = Info.plist; sourceTree = "<group>"; };
		B2E7D1761EE0F8FF00918040 /* PersonalHeadView.h */ = {isa = PBXFileReference; fileEncoding = 4; lastKnownFileType = sourcecode.c.h; path = PersonalHeadView.h; sourceTree = "<group>"; };
		B2E7D1771EE0F8FF00918040 /* PersonalHeadView.m */ = {isa = PBXFileReference; fileEncoding = 4; lastKnownFileType = sourcecode.c.objc; path = PersonalHeadView.m; sourceTree = "<group>"; };
		B2E7D1791EE142B300918040 /* white_bar.png */ = {isa = PBXFileReference; lastKnownFileType = image.png; path = white_bar.png; sourceTree = "<group>"; };
		B2E7D1851EE1613C00918040 /* BarChartView.h */ = {isa = PBXFileReference; fileEncoding = 4; lastKnownFileType = sourcecode.c.h; path = BarChartView.h; sourceTree = "<group>"; };
		B2E7D1861EE1613C00918040 /* BarChartView.m */ = {isa = PBXFileReference; fileEncoding = 4; lastKnownFileType = sourcecode.c.objc; path = BarChartView.m; sourceTree = "<group>"; };
		B2E7D1881EE163DC00918040 /* QHChartView.h */ = {isa = PBXFileReference; fileEncoding = 4; lastKnownFileType = sourcecode.c.h; path = QHChartView.h; sourceTree = "<group>"; };
		B2E7D1891EE163DC00918040 /* QHChartView.m */ = {isa = PBXFileReference; fileEncoding = 4; lastKnownFileType = sourcecode.c.objc; path = QHChartView.m; sourceTree = "<group>"; };
		B2F205D31EDFFEC800FA4D52 /* PersonalCollectionCell.h */ = {isa = PBXFileReference; fileEncoding = 4; lastKnownFileType = sourcecode.c.h; path = PersonalCollectionCell.h; sourceTree = "<group>"; };
		B2F205D41EDFFEC800FA4D52 /* PersonalCollectionCell.m */ = {isa = PBXFileReference; fileEncoding = 4; lastKnownFileType = sourcecode.c.objc; path = PersonalCollectionCell.m; sourceTree = "<group>"; };
		B2F205D51EDFFEC800FA4D52 /* PersonalCollectionCell.xib */ = {isa = PBXFileReference; fileEncoding = 4; lastKnownFileType = file.xib; path = PersonalCollectionCell.xib; sourceTree = "<group>"; };
		B2F205D61EDFFEC800FA4D52 /* PersonalFirstCell.h */ = {isa = PBXFileReference; fileEncoding = 4; lastKnownFileType = sourcecode.c.h; path = PersonalFirstCell.h; sourceTree = "<group>"; };
		B2F205D71EDFFEC800FA4D52 /* PersonalFirstCell.m */ = {isa = PBXFileReference; fileEncoding = 4; lastKnownFileType = sourcecode.c.objc; path = PersonalFirstCell.m; sourceTree = "<group>"; };
		B2F205D81EDFFEC800FA4D52 /* PersonalFirstCell.xib */ = {isa = PBXFileReference; fileEncoding = 4; lastKnownFileType = file.xib; path = PersonalFirstCell.xib; sourceTree = "<group>"; };
		B2F205D91EDFFEC800FA4D52 /* PersonalSecondCell.h */ = {isa = PBXFileReference; fileEncoding = 4; lastKnownFileType = sourcecode.c.h; path = PersonalSecondCell.h; sourceTree = "<group>"; };
		B2F205DA1EDFFEC800FA4D52 /* PersonalSecondCell.m */ = {isa = PBXFileReference; fileEncoding = 4; lastKnownFileType = sourcecode.c.objc; path = PersonalSecondCell.m; sourceTree = "<group>"; };
		B2F205DB1EDFFEC800FA4D52 /* PersonalSecondCell.xib */ = {isa = PBXFileReference; fileEncoding = 4; lastKnownFileType = file.xib; path = PersonalSecondCell.xib; sourceTree = "<group>"; };
		CE07A1551F01F42A006BC645 /* MyContractCollectionCellView.h */ = {isa = PBXFileReference; fileEncoding = 4; lastKnownFileType = sourcecode.c.h; path = MyContractCollectionCellView.h; sourceTree = "<group>"; };
		CE07A1561F01F42A006BC645 /* MyContractCollectionCellView.m */ = {isa = PBXFileReference; fileEncoding = 4; lastKnownFileType = sourcecode.c.objc; path = MyContractCollectionCellView.m; sourceTree = "<group>"; };
		CE1912E91EE7F2B50049FE1E /* MainContractViewController.h */ = {isa = PBXFileReference; fileEncoding = 4; lastKnownFileType = sourcecode.c.h; path = MainContractViewController.h; sourceTree = "<group>"; };
		CE1912EA1EE7F2B50049FE1E /* MainContractViewController.m */ = {isa = PBXFileReference; fileEncoding = 4; lastKnownFileType = sourcecode.c.objc; path = MainContractViewController.m; sourceTree = "<group>"; };
		CE1912ED1EE7F2CA0049FE1E /* SHFEViewController.h */ = {isa = PBXFileReference; fileEncoding = 4; lastKnownFileType = sourcecode.c.h; path = SHFEViewController.h; sourceTree = "<group>"; };
		CE1912EE1EE7F2CA0049FE1E /* SHFEViewController.m */ = {isa = PBXFileReference; fileEncoding = 4; lastKnownFileType = sourcecode.c.objc; path = SHFEViewController.m; sourceTree = "<group>"; };
		CE1912F01EE7F2D30049FE1E /* DCEViewController.h */ = {isa = PBXFileReference; fileEncoding = 4; lastKnownFileType = sourcecode.c.h; path = DCEViewController.h; sourceTree = "<group>"; };
		CE1912F11EE7F2D30049FE1E /* DCEViewController.m */ = {isa = PBXFileReference; fileEncoding = 4; lastKnownFileType = sourcecode.c.objc; path = DCEViewController.m; sourceTree = "<group>"; };
		CE1912F31EE7F2E30049FE1E /* ZZCEViewController.h */ = {isa = PBXFileReference; fileEncoding = 4; lastKnownFileType = sourcecode.c.h; path = ZZCEViewController.h; sourceTree = "<group>"; };
		CE1912F41EE7F2E30049FE1E /* ZZCEViewController.m */ = {isa = PBXFileReference; fileEncoding = 4; lastKnownFileType = sourcecode.c.objc; path = ZZCEViewController.m; sourceTree = "<group>"; };
		CE1912F61EE7F2F60049FE1E /* CFFEXViewController.h */ = {isa = PBXFileReference; fileEncoding = 4; lastKnownFileType = sourcecode.c.h; path = CFFEXViewController.h; sourceTree = "<group>"; };
		CE1912F71EE7F2F60049FE1E /* CFFEXViewController.m */ = {isa = PBXFileReference; fileEncoding = 4; lastKnownFileType = sourcecode.c.objc; path = CFFEXViewController.m; sourceTree = "<group>"; };
		CE1912FB1EE7F7070049FE1E /* OptionalContractView.h */ = {isa = PBXFileReference; fileEncoding = 4; lastKnownFileType = sourcecode.c.h; path = OptionalContractView.h; sourceTree = "<group>"; };
		CE1912FC1EE7F7070049FE1E /* OptionalContractView.m */ = {isa = PBXFileReference; fileEncoding = 4; lastKnownFileType = sourcecode.c.objc; path = OptionalContractView.m; sourceTree = "<group>"; };
		CE1912FE1EE7F82B0049FE1E /* OptionalContractHeadView.h */ = {isa = PBXFileReference; fileEncoding = 4; lastKnownFileType = sourcecode.c.h; path = OptionalContractHeadView.h; sourceTree = "<group>"; };
		CE1912FF1EE7F82B0049FE1E /* OptionalContractHeadView.m */ = {isa = PBXFileReference; fileEncoding = 4; lastKnownFileType = sourcecode.c.objc; path = OptionalContractHeadView.m; sourceTree = "<group>"; };
		CE1913051EE7F8750049FE1E /* MainContractView.h */ = {isa = PBXFileReference; fileEncoding = 4; lastKnownFileType = sourcecode.c.h; path = MainContractView.h; sourceTree = "<group>"; };
		CE1913061EE7F8750049FE1E /* MainContractView.m */ = {isa = PBXFileReference; fileEncoding = 4; lastKnownFileType = sourcecode.c.objc; path = MainContractView.m; sourceTree = "<group>"; };
		CE1913081EE7F8880049FE1E /* MainContractHeadView.h */ = {isa = PBXFileReference; fileEncoding = 4; lastKnownFileType = sourcecode.c.h; path = MainContractHeadView.h; sourceTree = "<group>"; };
		CE1913091EE7F8880049FE1E /* MainContractHeadView.m */ = {isa = PBXFileReference; fileEncoding = 4; lastKnownFileType = sourcecode.c.objc; path = MainContractHeadView.m; sourceTree = "<group>"; };
		CE19130B1EE7F8A30049FE1E /* MainContractViewModel.h */ = {isa = PBXFileReference; fileEncoding = 4; lastKnownFileType = sourcecode.c.h; path = MainContractViewModel.h; sourceTree = "<group>"; };
		CE19130C1EE7F8A30049FE1E /* MainContractViewModel.m */ = {isa = PBXFileReference; fileEncoding = 4; lastKnownFileType = sourcecode.c.objc; path = MainContractViewModel.m; sourceTree = "<group>"; };
		CE19130E1EE7F8BD0049FE1E /* SHFEViewModel.h */ = {isa = PBXFileReference; fileEncoding = 4; lastKnownFileType = sourcecode.c.h; path = SHFEViewModel.h; sourceTree = "<group>"; };
		CE19130F1EE7F8BD0049FE1E /* SHFEViewModel.m */ = {isa = PBXFileReference; fileEncoding = 4; lastKnownFileType = sourcecode.c.objc; path = SHFEViewModel.m; sourceTree = "<group>"; };
		CE1913111EE7F8D30049FE1E /* SHFEView.h */ = {isa = PBXFileReference; fileEncoding = 4; lastKnownFileType = sourcecode.c.h; path = SHFEView.h; sourceTree = "<group>"; };
		CE1913121EE7F8D30049FE1E /* SHFEView.m */ = {isa = PBXFileReference; fileEncoding = 4; lastKnownFileType = sourcecode.c.objc; path = SHFEView.m; sourceTree = "<group>"; };
		CE1913141EE7F8DD0049FE1E /* SHFEHeadView.h */ = {isa = PBXFileReference; fileEncoding = 4; lastKnownFileType = sourcecode.c.h; path = SHFEHeadView.h; sourceTree = "<group>"; };
		CE1913151EE7F8DD0049FE1E /* SHFEHeadView.m */ = {isa = PBXFileReference; fileEncoding = 4; lastKnownFileType = sourcecode.c.objc; path = SHFEHeadView.m; sourceTree = "<group>"; };
		CE19131E1EE7F93D0049FE1E /* DCEView.h */ = {isa = PBXFileReference; fileEncoding = 4; lastKnownFileType = sourcecode.c.h; path = DCEView.h; sourceTree = "<group>"; };
		CE19131F1EE7F93D0049FE1E /* DCEView.m */ = {isa = PBXFileReference; fileEncoding = 4; lastKnownFileType = sourcecode.c.objc; path = DCEView.m; sourceTree = "<group>"; };
		CE1913211EE7F9490049FE1E /* DCEHeadView.h */ = {isa = PBXFileReference; fileEncoding = 4; lastKnownFileType = sourcecode.c.h; path = DCEHeadView.h; sourceTree = "<group>"; };
		CE1913221EE7F9490049FE1E /* DCEHeadView.m */ = {isa = PBXFileReference; fileEncoding = 4; lastKnownFileType = sourcecode.c.objc; path = DCEHeadView.m; sourceTree = "<group>"; };
		CE1913241EE7F9550049FE1E /* DCEViewModel.h */ = {isa = PBXFileReference; fileEncoding = 4; lastKnownFileType = sourcecode.c.h; path = DCEViewModel.h; sourceTree = "<group>"; };
		CE1913251EE7F9550049FE1E /* DCEViewModel.m */ = {isa = PBXFileReference; fileEncoding = 4; lastKnownFileType = sourcecode.c.objc; path = DCEViewModel.m; sourceTree = "<group>"; };
		CE1913271EE7F9670049FE1E /* ZZCEViewModel.h */ = {isa = PBXFileReference; fileEncoding = 4; lastKnownFileType = sourcecode.c.h; path = ZZCEViewModel.h; sourceTree = "<group>"; };
		CE1913281EE7F9670049FE1E /* ZZCEViewModel.m */ = {isa = PBXFileReference; fileEncoding = 4; lastKnownFileType = sourcecode.c.objc; path = ZZCEViewModel.m; sourceTree = "<group>"; };
		CE19132A1EE7F97B0049FE1E /* ZZCEView.h */ = {isa = PBXFileReference; fileEncoding = 4; lastKnownFileType = sourcecode.c.h; path = ZZCEView.h; sourceTree = "<group>"; };
		CE19132B1EE7F97B0049FE1E /* ZZCEView.m */ = {isa = PBXFileReference; fileEncoding = 4; lastKnownFileType = sourcecode.c.objc; path = ZZCEView.m; sourceTree = "<group>"; };
		CE19132D1EE7F9860049FE1E /* ZZCEHeadView.h */ = {isa = PBXFileReference; fileEncoding = 4; lastKnownFileType = sourcecode.c.h; path = ZZCEHeadView.h; sourceTree = "<group>"; };
		CE19132E1EE7F9860049FE1E /* ZZCEHeadView.m */ = {isa = PBXFileReference; fileEncoding = 4; lastKnownFileType = sourcecode.c.objc; path = ZZCEHeadView.m; sourceTree = "<group>"; };
		CE1913301EE7F9BA0049FE1E /* CFFEXHeadView.h */ = {isa = PBXFileReference; fileEncoding = 4; lastKnownFileType = sourcecode.c.h; path = CFFEXHeadView.h; sourceTree = "<group>"; };
		CE1913311EE7F9BA0049FE1E /* CFFEXHeadView.m */ = {isa = PBXFileReference; fileEncoding = 4; lastKnownFileType = sourcecode.c.objc; path = CFFEXHeadView.m; sourceTree = "<group>"; };
		CE1913331EE7F9CD0049FE1E /* CFFEXView.h */ = {isa = PBXFileReference; fileEncoding = 4; lastKnownFileType = sourcecode.c.h; path = CFFEXView.h; sourceTree = "<group>"; };
		CE1913341EE7F9CD0049FE1E /* CFFEXView.m */ = {isa = PBXFileReference; fileEncoding = 4; lastKnownFileType = sourcecode.c.objc; path = CFFEXView.m; sourceTree = "<group>"; };
		CE1913361EE7F9E00049FE1E /* CFFEXViewModel.h */ = {isa = PBXFileReference; fileEncoding = 4; lastKnownFileType = sourcecode.c.h; path = CFFEXViewModel.h; sourceTree = "<group>"; };
		CE1913371EE7F9E00049FE1E /* CFFEXViewModel.m */ = {isa = PBXFileReference; fileEncoding = 4; lastKnownFileType = sourcecode.c.objc; path = CFFEXViewModel.m; sourceTree = "<group>"; };
		CE29DE2D1EE559F200F1BD15 /* OptionalContractViewController.h */ = {isa = PBXFileReference; fileEncoding = 4; lastKnownFileType = sourcecode.c.h; path = OptionalContractViewController.h; sourceTree = "<group>"; };
		CE29DE2E1EE559F200F1BD15 /* OptionalContractViewController.m */ = {isa = PBXFileReference; fileEncoding = 4; lastKnownFileType = sourcecode.c.objc; path = OptionalContractViewController.m; sourceTree = "<group>"; };
		CE29DE361EE55DB200F1BD15 /* OptionalContractViewModel.h */ = {isa = PBXFileReference; fileEncoding = 4; lastKnownFileType = sourcecode.c.h; path = OptionalContractViewModel.h; sourceTree = "<group>"; };
		CE29DE371EE55DB200F1BD15 /* OptionalContractViewModel.m */ = {isa = PBXFileReference; fileEncoding = 4; lastKnownFileType = sourcecode.c.objc; path = OptionalContractViewModel.m; sourceTree = "<group>"; };
		CE2B389A1EE790DB00A85EB6 /* MyContractViewController.h */ = {isa = PBXFileReference; fileEncoding = 4; lastKnownFileType = sourcecode.c.h; path = MyContractViewController.h; sourceTree = "<group>"; };
		CE2B389B1EE790DB00A85EB6 /* MyContractViewController.m */ = {isa = PBXFileReference; fileEncoding = 4; lastKnownFileType = sourcecode.c.objc; path = MyContractViewController.m; sourceTree = "<group>"; };
		CE2B389E1EE791FA00A85EB6 /* MyContractViewModel.h */ = {isa = PBXFileReference; fileEncoding = 4; lastKnownFileType = sourcecode.c.h; path = MyContractViewModel.h; sourceTree = "<group>"; };
		CE2B389F1EE791FA00A85EB6 /* MyContractViewModel.m */ = {isa = PBXFileReference; fileEncoding = 4; lastKnownFileType = sourcecode.c.objc; path = MyContractViewModel.m; sourceTree = "<group>"; };
		CE2B38A21EE7A43500A85EB6 /* MyContractView.h */ = {isa = PBXFileReference; fileEncoding = 4; lastKnownFileType = sourcecode.c.h; path = MyContractView.h; sourceTree = "<group>"; };
		CE2B38A31EE7A43500A85EB6 /* MyContractView.m */ = {isa = PBXFileReference; fileEncoding = 4; lastKnownFileType = sourcecode.c.objc; path = MyContractView.m; sourceTree = "<group>"; };
		CED00DFF1F01542B00791B47 /* MycontractSegmentcontrolView.h */ = {isa = PBXFileReference; fileEncoding = 4; lastKnownFileType = sourcecode.c.h; path = MycontractSegmentcontrolView.h; sourceTree = "<group>"; };
		CED00E001F01542B00791B47 /* MycontractSegmentcontrolView.m */ = {isa = PBXFileReference; fileEncoding = 4; lastKnownFileType = sourcecode.c.objc; path = MycontractSegmentcontrolView.m; sourceTree = "<group>"; };
		CED8FB811F04AD3B00ADF408 /* PositionModel.h */ = {isa = PBXFileReference; fileEncoding = 4; lastKnownFileType = sourcecode.c.h; path = PositionModel.h; sourceTree = "<group>"; };
		CED8FB821F04AD3B00ADF408 /* PositionModel.m */ = {isa = PBXFileReference; fileEncoding = 4; lastKnownFileType = sourcecode.c.objc; path = PositionModel.m; sourceTree = "<group>"; };
		CED8FB831F04AD3B00ADF408 /* PositionTableViewCell.h */ = {isa = PBXFileReference; fileEncoding = 4; lastKnownFileType = sourcecode.c.h; path = PositionTableViewCell.h; sourceTree = "<group>"; };
		CED8FB841F04AD3B00ADF408 /* PositionTableViewCell.m */ = {isa = PBXFileReference; fileEncoding = 4; lastKnownFileType = sourcecode.c.objc; path = PositionTableViewCell.m; sourceTree = "<group>"; };
		CED8FB851F04AD3B00ADF408 /* PositionView.h */ = {isa = PBXFileReference; fileEncoding = 4; lastKnownFileType = sourcecode.c.h; path = PositionView.h; sourceTree = "<group>"; };
		CED8FB861F04AD3B00ADF408 /* PositionView.m */ = {isa = PBXFileReference; fileEncoding = 4; lastKnownFileType = sourcecode.c.objc; path = PositionView.m; sourceTree = "<group>"; };
		CED8FB8B1F04AFDB00ADF408 /* HangOrderView.h */ = {isa = PBXFileReference; fileEncoding = 4; lastKnownFileType = sourcecode.c.h; path = HangOrderView.h; sourceTree = "<group>"; };
		CED8FB8C1F04AFDB00ADF408 /* HangOrderView.m */ = {isa = PBXFileReference; fileEncoding = 4; lastKnownFileType = sourcecode.c.objc; path = HangOrderView.m; sourceTree = "<group>"; };
		CED8FB911F04B00700ADF408 /* HangOrderTableViewCell.h */ = {isa = PBXFileReference; fileEncoding = 4; lastKnownFileType = sourcecode.c.h; path = HangOrderTableViewCell.h; sourceTree = "<group>"; };
		CED8FB921F04B00700ADF408 /* HangOrderTableViewCell.m */ = {isa = PBXFileReference; fileEncoding = 4; lastKnownFileType = sourcecode.c.objc; path = HangOrderTableViewCell.m; sourceTree = "<group>"; };
		CEF330EC1EDF9B720032F0EF /* UIImage+Extension.h */ = {isa = PBXFileReference; fileEncoding = 4; lastKnownFileType = sourcecode.c.h; path = "UIImage+Extension.h"; sourceTree = "<group>"; };
		CEF330ED1EDF9B720032F0EF /* UIImage+Extension.m */ = {isa = PBXFileReference; fileEncoding = 4; lastKnownFileType = sourcecode.c.objc; path = "UIImage+Extension.m"; sourceTree = "<group>"; };
		CEF330EF1EDF9BC60032F0EF /* UIView+Extension.h */ = {isa = PBXFileReference; fileEncoding = 4; lastKnownFileType = sourcecode.c.h; path = "UIView+Extension.h"; sourceTree = "<group>"; };
		CEF330F01EDF9BC60032F0EF /* UIView+Extension.m */ = {isa = PBXFileReference; fileEncoding = 4; lastKnownFileType = sourcecode.c.objc; path = "UIView+Extension.m"; sourceTree = "<group>"; };
		CEF330F31EDF9CC50032F0EF /* BaseTableViewCell.h */ = {isa = PBXFileReference; fileEncoding = 4; lastKnownFileType = sourcecode.c.h; path = BaseTableViewCell.h; sourceTree = "<group>"; };
		CEF330F41EDF9CC50032F0EF /* BaseTableViewCell.m */ = {isa = PBXFileReference; fileEncoding = 4; lastKnownFileType = sourcecode.c.objc; path = BaseTableViewCell.m; sourceTree = "<group>"; };
		CEF330F51EDF9CC50032F0EF /* BaseTableViewCellProtocol.h */ = {isa = PBXFileReference; fileEncoding = 4; lastKnownFileType = sourcecode.c.h; path = BaseTableViewCellProtocol.h; sourceTree = "<group>"; };
		CEF330F61EDF9CC50032F0EF /* BaseView.h */ = {isa = PBXFileReference; fileEncoding = 4; lastKnownFileType = sourcecode.c.h; path = BaseView.h; sourceTree = "<group>"; };
		CEF330F71EDF9CC50032F0EF /* BaseView.m */ = {isa = PBXFileReference; fileEncoding = 4; lastKnownFileType = sourcecode.c.objc; path = BaseView.m; sourceTree = "<group>"; };
		CEF330F81EDF9CC50032F0EF /* BaseViewModel.h */ = {isa = PBXFileReference; fileEncoding = 4; lastKnownFileType = sourcecode.c.h; path = BaseViewModel.h; sourceTree = "<group>"; };
		CEF330F91EDF9CC50032F0EF /* BaseViewModel.m */ = {isa = PBXFileReference; fileEncoding = 4; lastKnownFileType = sourcecode.c.objc; path = BaseViewModel.m; sourceTree = "<group>"; };
		CEF330FA1EDF9CC50032F0EF /* BaseViewModelProtocol.h */ = {isa = PBXFileReference; fileEncoding = 4; lastKnownFileType = sourcecode.c.h; path = BaseViewModelProtocol.h; sourceTree = "<group>"; };
		CEF330FB1EDF9CC50032F0EF /* BaseViewProtocol.h */ = {isa = PBXFileReference; fileEncoding = 4; lastKnownFileType = sourcecode.c.h; path = BaseViewProtocol.h; sourceTree = "<group>"; };
		CEF330FC1EDF9CC50032F0EF /* NavigationBaseController.h */ = {isa = PBXFileReference; fileEncoding = 4; lastKnownFileType = sourcecode.c.h; path = NavigationBaseController.h; sourceTree = "<group>"; };
		CEF330FD1EDF9CC50032F0EF /* NavigationBaseController.m */ = {isa = PBXFileReference; fileEncoding = 4; lastKnownFileType = sourcecode.c.objc; path = NavigationBaseController.m; sourceTree = "<group>"; };
		CEF330FE1EDF9CC50032F0EF /* TabBarBaseController.h */ = {isa = PBXFileReference; fileEncoding = 4; lastKnownFileType = sourcecode.c.h; path = TabBarBaseController.h; sourceTree = "<group>"; };
		CEF330FF1EDF9CC50032F0EF /* TabBarBaseController.m */ = {isa = PBXFileReference; fileEncoding = 4; lastKnownFileType = sourcecode.c.objc; path = TabBarBaseController.m; sourceTree = "<group>"; };
		CEF331001EDF9CC50032F0EF /* ViewBaseController.h */ = {isa = PBXFileReference; fileEncoding = 4; lastKnownFileType = sourcecode.c.h; path = ViewBaseController.h; sourceTree = "<group>"; };
		CEF331011EDF9CC50032F0EF /* ViewBaseController.m */ = {isa = PBXFileReference; fileEncoding = 4; lastKnownFileType = sourcecode.c.objc; path = ViewBaseController.m; sourceTree = "<group>"; };
		CEF331021EDF9CC50032F0EF /* ViewBaseControllerProtocol.h */ = {isa = PBXFileReference; fileEncoding = 4; lastKnownFileType = sourcecode.c.h; path = ViewBaseControllerProtocol.h; sourceTree = "<group>"; };
		CEF331091EDFA1690032F0EF /* Common.h */ = {isa = PBXFileReference; lastKnownFileType = sourcecode.c.h; path = Common.h; sourceTree = "<group>"; };
		CEF3310A1EDFA1EB0032F0EF /* PrefixHeader.pch */ = {isa = PBXFileReference; lastKnownFileType = sourcecode.c.h; path = PrefixHeader.pch; sourceTree = "<group>"; };
		CEF3310B1EDFA4AA0032F0EF /* MBProgressHUD+NJ.h */ = {isa = PBXFileReference; fileEncoding = 4; lastKnownFileType = sourcecode.c.h; path = "MBProgressHUD+NJ.h"; sourceTree = "<group>"; };
		CEF3310C1EDFA4AA0032F0EF /* MBProgressHUD+NJ.m */ = {isa = PBXFileReference; fileEncoding = 4; lastKnownFileType = sourcecode.c.objc; path = "MBProgressHUD+NJ.m"; sourceTree = "<group>"; };
		CEF331171EDFAC750032F0EF /* QHRequest.h */ = {isa = PBXFileReference; fileEncoding = 4; lastKnownFileType = sourcecode.c.h; path = QHRequest.h; sourceTree = "<group>"; };
		CEF331181EDFAC750032F0EF /* QHRequest.m */ = {isa = PBXFileReference; fileEncoding = 4; lastKnownFileType = sourcecode.c.objc; path = QHRequest.m; sourceTree = "<group>"; };
		CEF3311A1EDFAE330032F0EF /* QHRequestModel.h */ = {isa = PBXFileReference; fileEncoding = 4; lastKnownFileType = sourcecode.c.h; path = QHRequestModel.h; sourceTree = "<group>"; };
		CEF3311B1EDFAE330032F0EF /* QHRequestModel.m */ = {isa = PBXFileReference; fileEncoding = 4; lastKnownFileType = sourcecode.c.objc; path = QHRequestModel.m; sourceTree = "<group>"; };
		CEF3311D1EDFB1E70032F0EF /* QHRequest+Api.h */ = {isa = PBXFileReference; fileEncoding = 4; lastKnownFileType = sourcecode.c.h; path = "QHRequest+Api.h"; sourceTree = "<group>"; };
		CEF3311E1EDFB1E70032F0EF /* QHRequest+Api.m */ = {isa = PBXFileReference; fileEncoding = 4; lastKnownFileType = sourcecode.c.objc; path = "QHRequest+Api.m"; sourceTree = "<group>"; };
		CEF331201EDFB3D50032F0EF /* UserInformation.h */ = {isa = PBXFileReference; fileEncoding = 4; lastKnownFileType = sourcecode.c.h; path = UserInformation.h; sourceTree = "<group>"; };
		CEF331211EDFB3D50032F0EF /* UserInformation.m */ = {isa = PBXFileReference; fileEncoding = 4; lastKnownFileType = sourcecode.c.objc; path = UserInformation.m; sourceTree = "<group>"; };
		CEF331281EDFD9CA0032F0EF /* DynamicsViewController.h */ = {isa = PBXFileReference; fileEncoding = 4; lastKnownFileType = sourcecode.c.h; path = DynamicsViewController.h; sourceTree = "<group>"; };
		CEF331291EDFD9CA0032F0EF /* DynamicsViewController.m */ = {isa = PBXFileReference; fileEncoding = 4; lastKnownFileType = sourcecode.c.objc; path = DynamicsViewController.m; sourceTree = "<group>"; };
		CEF3312C1EDFDBCB0032F0EF /* QHTabBar.h */ = {isa = PBXFileReference; fileEncoding = 4; lastKnownFileType = sourcecode.c.h; path = QHTabBar.h; sourceTree = "<group>"; };
		CEF3312D1EDFDBCB0032F0EF /* QHTabBar.m */ = {isa = PBXFileReference; fileEncoding = 4; lastKnownFileType = sourcecode.c.objc; path = QHTabBar.m; sourceTree = "<group>"; };
		CEF331301EDFDF080032F0EF /* DiscoverViewController.h */ = {isa = PBXFileReference; fileEncoding = 4; lastKnownFileType = sourcecode.c.h; path = DiscoverViewController.h; sourceTree = "<group>"; };
		CEF331311EDFDF080032F0EF /* DiscoverViewController.m */ = {isa = PBXFileReference; fileEncoding = 4; lastKnownFileType = sourcecode.c.objc; path = DiscoverViewController.m; sourceTree = "<group>"; };
		CEF331361EE00A5D0032F0EF /* DynamicsView.h */ = {isa = PBXFileReference; fileEncoding = 4; lastKnownFileType = sourcecode.c.h; path = DynamicsView.h; sourceTree = "<group>"; };
		CEF331371EE00A5D0032F0EF /* DynamicsView.m */ = {isa = PBXFileReference; fileEncoding = 4; lastKnownFileType = sourcecode.c.objc; path = DynamicsView.m; sourceTree = "<group>"; };
		CEF331391EE00BA60032F0EF /* DynamicsViewModel.h */ = {isa = PBXFileReference; fileEncoding = 4; lastKnownFileType = sourcecode.c.h; path = DynamicsViewModel.h; sourceTree = "<group>"; };
		CEF3313A1EE00BA60032F0EF /* DynamicsViewModel.m */ = {isa = PBXFileReference; fileEncoding = 4; lastKnownFileType = sourcecode.c.objc; path = DynamicsViewModel.m; sourceTree = "<group>"; };
		CEF3313C1EE00BE40032F0EF /* DynamicsModel.h */ = {isa = PBXFileReference; fileEncoding = 4; lastKnownFileType = sourcecode.c.h; path = DynamicsModel.h; sourceTree = "<group>"; };
		CEF3313D1EE00BE40032F0EF /* DynamicsModel.m */ = {isa = PBXFileReference; fileEncoding = 4; lastKnownFileType = sourcecode.c.objc; path = DynamicsModel.m; sourceTree = "<group>"; };
		CEF7D5661EE1460E000A869E /* DynamicsNavigationCenterView.h */ = {isa = PBXFileReference; fileEncoding = 4; lastKnownFileType = sourcecode.c.h; path = DynamicsNavigationCenterView.h; sourceTree = "<group>"; };
		CEF7D5671EE1460E000A869E /* DynamicsNavigationCenterView.m */ = {isa = PBXFileReference; fileEncoding = 4; lastKnownFileType = sourcecode.c.objc; path = DynamicsNavigationCenterView.m; sourceTree = "<group>"; };
		CEFA706F1EFA1FAC0046AF84 /* MyContractHeadView.h */ = {isa = PBXFileReference; fileEncoding = 4; lastKnownFileType = sourcecode.c.h; path = MyContractHeadView.h; sourceTree = "<group>"; };
		CEFA70701EFA1FAC0046AF84 /* MyContractHeadView.m */ = {isa = PBXFileReference; fileEncoding = 4; lastKnownFileType = sourcecode.c.objc; path = MyContractHeadView.m; sourceTree = "<group>"; };
		DB23E11BA4D680FD0F61CE42 /* Pods-QHTrade.debug.xcconfig */ = {isa = PBXFileReference; includeInIndex = 1; lastKnownFileType = text.xcconfig; name = "Pods-QHTrade.debug.xcconfig"; path = "Pods/Target Support Files/Pods-QHTrade/Pods-QHTrade.debug.xcconfig"; sourceTree = "<group>"; };
		E3D3E11B3D85ACEA2AE90524 /* Pods-QHTrade.release.xcconfig */ = {isa = PBXFileReference; includeInIndex = 1; lastKnownFileType = text.xcconfig; name = "Pods-QHTrade.release.xcconfig"; path = "Pods/Target Support Files/Pods-QHTrade/Pods-QHTrade.release.xcconfig"; sourceTree = "<group>"; };
/* End PBXFileReference section */

/* Begin PBXFrameworksBuildPhase section */
		B2A214FB1EDEA9E900B19A4A /* Frameworks */ = {
			isa = PBXFrameworksBuildPhase;
			buildActionMask = 2147483647;
			files = (
				B73AFA0A506780FED210E1D0 /* Pods_QHTrade.framework in Frameworks */,
			);
			runOnlyForDeploymentPostprocessing = 0;
		};
		B2A215141EDEA9E900B19A4A /* Frameworks */ = {
			isa = PBXFrameworksBuildPhase;
			buildActionMask = 2147483647;
			files = (
			);
			runOnlyForDeploymentPostprocessing = 0;
		};
		B2A2151F1EDEA9E900B19A4A /* Frameworks */ = {
			isa = PBXFrameworksBuildPhase;
			buildActionMask = 2147483647;
			files = (
			);
			runOnlyForDeploymentPostprocessing = 0;
		};
/* End PBXFrameworksBuildPhase section */

/* Begin PBXGroup section */
		289CB516B6EFFFC3249782FC /* Frameworks */ = {
			isa = PBXGroup;
			children = (
				972BB4CEA1349E67DFAA5B40 /* Pods_QHTrade.framework */,
			);
			name = Frameworks;
			sourceTree = "<group>";
		};
		75613A42152CD14953B78261 /* Pods */ = {
			isa = PBXGroup;
			children = (
				DB23E11BA4D680FD0F61CE42 /* Pods-QHTrade.debug.xcconfig */,
				E3D3E11B3D85ACEA2AE90524 /* Pods-QHTrade.release.xcconfig */,
			);
			name = Pods;
			sourceTree = "<group>";
		};
		B21BD2C11EDFB9E500BAD836 /* PersonalCenter */ = {
			isa = PBXGroup;
			children = (
				B2E7D1741EE0F87300918040 /* View */,
				B2E7D1751EE0F89600918040 /* ViewModel */,
				B21BD2C61EDFB9F500BAD836 /* PersonalViewController.h */,
				B21BD2C51EDFB9F500BAD836 /* PersonalViewController.m */,
				B21BD2C41EDFB9F500BAD836 /* PersonalViewController.xib */,
			);
			path = PersonalCenter;
			sourceTree = "<group>";
		};
		B2A214F51EDEA9E900B19A4A = {
			isa = PBXGroup;
			children = (
				B2A215001EDEA9E900B19A4A /* QHTrade */,
				B2A2151A1EDEA9E900B19A4A /* QHTradeTests */,
				B2A215251EDEA9E900B19A4A /* QHTradeUITests */,
				B2A214FF1EDEA9E900B19A4A /* Products */,
				75613A42152CD14953B78261 /* Pods */,
				289CB516B6EFFFC3249782FC /* Frameworks */,
			);
			sourceTree = "<group>";
		};
		B2A214FF1EDEA9E900B19A4A /* Products */ = {
			isa = PBXGroup;
			children = (
				B2A214FE1EDEA9E900B19A4A /* QHTrade.app */,
				B2A215171EDEA9E900B19A4A /* QHTradeTests.xctest */,
				B2A215221EDEA9E900B19A4A /* QHTradeUITests.xctest */,
			);
			name = Products;
			sourceTree = "<group>";
		};
		B2A215001EDEA9E900B19A4A /* QHTrade */ = {
			isa = PBXGroup;
			children = (
				CEF330F21EDF9CBD0032F0EF /* BaseFile */,
				CEF330EB1EDF9B1A0032F0EF /* Gategory */,
				CEF330E91EDF9B010032F0EF /* Common */,
				CEF330EA1EDF9B010032F0EF /* NetWorking */,
				CEF330E41EDF9AC20032F0EF /* Dynamics */,
				CEF330E51EDF9AC20032F0EF /* Find */,
				CEF330E71EDF9AC20032F0EF /* RankingList */,
				CEF330E81EDF9AC20032F0EF /* Transaction */,
				B21BD2C11EDFB9E500BAD836 /* PersonalCenter */,
				B2A215041EDEA9E900B19A4A /* AppDelegate.h */,
				B2A215051EDEA9E900B19A4A /* AppDelegate.m */,
				B2A2150D1EDEA9E900B19A4A /* Assets.xcassets */,
				B2A2150F1EDEA9E900B19A4A /* LaunchScreen.storyboard */,
				B2A215121EDEA9E900B19A4A /* Info.plist */,
				B2A215011EDEA9E900B19A4A /* Supporting Files */,
			);
			path = QHTrade;
			sourceTree = "<group>";
		};
		B2A215011EDEA9E900B19A4A /* Supporting Files */ = {
			isa = PBXGroup;
			children = (
				B2A215021EDEA9E900B19A4A /* main.m */,
			);
			name = "Supporting Files";
			sourceTree = "<group>";
		};
		B2A2151A1EDEA9E900B19A4A /* QHTradeTests */ = {
			isa = PBXGroup;
			children = (
				B2A2151B1EDEA9E900B19A4A /* QHTradeTests.m */,
				B2A2151D1EDEA9E900B19A4A /* Info.plist */,
			);
			path = QHTradeTests;
			sourceTree = "<group>";
		};
		B2A215251EDEA9E900B19A4A /* QHTradeUITests */ = {
			isa = PBXGroup;
			children = (
				B2A215261EDEA9E900B19A4A /* QHTradeUITests.m */,
				B2A215281EDEA9E900B19A4A /* Info.plist */,
			);
			path = QHTradeUITests;
			sourceTree = "<group>";
		};
		B2E7D1741EE0F87300918040 /* View */ = {
			isa = PBXGroup;
			children = (
				B2E7D1791EE142B300918040 /* white_bar.png */,
				B21BD2C81EDFB9F500BAD836 /* PersonalMainView.h */,
				B21BD2C71EDFB9F500BAD836 /* PersonalMainView.m */,
				B2E7D1761EE0F8FF00918040 /* PersonalHeadView.h */,
				B2E7D1771EE0F8FF00918040 /* PersonalHeadView.m */,
				B2F205D61EDFFEC800FA4D52 /* PersonalFirstCell.h */,
				B2F205D71EDFFEC800FA4D52 /* PersonalFirstCell.m */,
				B2F205D81EDFFEC800FA4D52 /* PersonalFirstCell.xib */,
				B2F205D91EDFFEC800FA4D52 /* PersonalSecondCell.h */,
				B2F205DA1EDFFEC800FA4D52 /* PersonalSecondCell.m */,
				B2F205DB1EDFFEC800FA4D52 /* PersonalSecondCell.xib */,
				B2F205D31EDFFEC800FA4D52 /* PersonalCollectionCell.h */,
				B2F205D41EDFFEC800FA4D52 /* PersonalCollectionCell.m */,
				B2F205D51EDFFEC800FA4D52 /* PersonalCollectionCell.xib */,
				B21783851EE1959B0079FC9E /* TradeRecordsCell.h */,
				B21783861EE1959B0079FC9E /* TradeRecordsCell.m */,
				B217838A1EE196000079FC9E /* TradeRecordsCell.xib */,
				B21783801EE195460079FC9E /* PersonalBottomCell.h */,
				B21783811EE195460079FC9E /* PersonalBottomCell.m */,
				B21783821EE195460079FC9E /* PersonalBottomCell.xib */,
				B2E7D18B1EE1654B00918040 /* BarChartView */,
			);
			name = View;
			sourceTree = "<group>";
		};
		B2E7D1751EE0F89600918040 /* ViewModel */ = {
			isa = PBXGroup;
			children = (
				B21BD2C31EDFB9F500BAD836 /* PersonalViewModel.h */,
				B21BD2C21EDFB9F500BAD836 /* PersonalViewModel.m */,
			);
			name = ViewModel;
			sourceTree = "<group>";
		};
		B2E7D18B1EE1654B00918040 /* BarChartView */ = {
			isa = PBXGroup;
			children = (
				B2E7D1851EE1613C00918040 /* BarChartView.h */,
				B2E7D1861EE1613C00918040 /* BarChartView.m */,
				B2E7D1881EE163DC00918040 /* QHChartView.h */,
				B2E7D1891EE163DC00918040 /* QHChartView.m */,
			);
			name = BarChartView;
			sourceTree = "<group>";
		};
		CE07A15B1F025C77006BC645 /* MycontractChildView */ = {
			isa = PBXGroup;
			children = (
				CED8FB8A1F04AF6F00ADF408 /* HangOrder */,
				CED8FB801F04AD3B00ADF408 /* Position */,
			);
			path = MycontractChildView;
			sourceTree = "<group>";
		};
		CE1912EC1EE7F2BB0049FE1E /* ViewModel */ = {
			isa = PBXGroup;
			children = (
				CE19130E1EE7F8BD0049FE1E /* SHFEViewModel.h */,
				CE19130F1EE7F8BD0049FE1E /* SHFEViewModel.m */,
			);
			name = ViewModel;
			sourceTree = "<group>";
		};
		CE1912F91EE7F6DE0049FE1E /* View */ = {
			isa = PBXGroup;
			children = (
				CE1912FB1EE7F7070049FE1E /* OptionalContractView.h */,
				CE1912FC1EE7F7070049FE1E /* OptionalContractView.m */,
				CE1912FE1EE7F82B0049FE1E /* OptionalContractHeadView.h */,
				CE1912FF1EE7F82B0049FE1E /* OptionalContractHeadView.m */,
			);
			name = View;
			sourceTree = "<group>";
		};
		CE1913011EE7F83B0049FE1E /* ViewModel */ = {
			isa = PBXGroup;
			children = (
				CE19130B1EE7F8A30049FE1E /* MainContractViewModel.h */,
				CE19130C1EE7F8A30049FE1E /* MainContractViewModel.m */,
			);
			name = ViewModel;
			sourceTree = "<group>";
		};
		CE1913021EE7F8450049FE1E /* View */ = {
			isa = PBXGroup;
			children = (
				CE1913051EE7F8750049FE1E /* MainContractView.h */,
				CE1913061EE7F8750049FE1E /* MainContractView.m */,
				CE1913081EE7F8880049FE1E /* MainContractHeadView.h */,
				CE1913091EE7F8880049FE1E /* MainContractHeadView.m */,
			);
			name = View;
			sourceTree = "<group>";
		};
		CE1913031EE7F8540049FE1E /* View */ = {
			isa = PBXGroup;
			children = (
				CE1913111EE7F8D30049FE1E /* SHFEView.h */,
				CE1913121EE7F8D30049FE1E /* SHFEView.m */,
				CE1913141EE7F8DD0049FE1E /* SHFEHeadView.h */,
				CE1913151EE7F8DD0049FE1E /* SHFEHeadView.m */,
			);
			name = View;
			sourceTree = "<group>";
		};
		CE1913171EE7F8E40049FE1E /* View */ = {
			isa = PBXGroup;
			children = (
				CE19131E1EE7F93D0049FE1E /* DCEView.h */,
				CE19131F1EE7F93D0049FE1E /* DCEView.m */,
				CE1913211EE7F9490049FE1E /* DCEHeadView.h */,
				CE1913221EE7F9490049FE1E /* DCEHeadView.m */,
			);
			name = View;
			sourceTree = "<group>";
		};
		CE1913181EE7F8E90049FE1E /* ViewModel */ = {
			isa = PBXGroup;
			children = (
				CE1913241EE7F9550049FE1E /* DCEViewModel.h */,
				CE1913251EE7F9550049FE1E /* DCEViewModel.m */,
			);
			name = ViewModel;
			sourceTree = "<group>";
		};
		CE19131A1EE7F9020049FE1E /* View */ = {
			isa = PBXGroup;
			children = (
				CE19132A1EE7F97B0049FE1E /* ZZCEView.h */,
				CE19132B1EE7F97B0049FE1E /* ZZCEView.m */,
				CE19132D1EE7F9860049FE1E /* ZZCEHeadView.h */,
				CE19132E1EE7F9860049FE1E /* ZZCEHeadView.m */,
			);
			name = View;
			sourceTree = "<group>";
		};
		CE19131B1EE7F90D0049FE1E /* ViewModel */ = {
			isa = PBXGroup;
			children = (
				CE1913271EE7F9670049FE1E /* ZZCEViewModel.h */,
				CE1913281EE7F9670049FE1E /* ZZCEViewModel.m */,
			);
			name = ViewModel;
			sourceTree = "<group>";
		};
		CE19131C1EE7F9260049FE1E /* View */ = {
			isa = PBXGroup;
			children = (
				CE1913301EE7F9BA0049FE1E /* CFFEXHeadView.h */,
				CE1913311EE7F9BA0049FE1E /* CFFEXHeadView.m */,
				CE1913331EE7F9CD0049FE1E /* CFFEXView.h */,
				CE1913341EE7F9CD0049FE1E /* CFFEXView.m */,
			);
			name = View;
			sourceTree = "<group>";
		};
		CE19131D1EE7F92A0049FE1E /* ViewModel */ = {
			isa = PBXGroup;
			children = (
				CE1913361EE7F9E00049FE1E /* CFFEXViewModel.h */,
				CE1913371EE7F9E00049FE1E /* CFFEXViewModel.m */,
			);
			name = ViewModel;
			sourceTree = "<group>";
		};
		CE29DE061EE5435C00F1BD15 /* CFFEX */ = {
			isa = PBXGroup;
			children = (
				CE19131C1EE7F9260049FE1E /* View */,
				CE19131D1EE7F92A0049FE1E /* ViewModel */,
				CE29DE131EE5438E00F1BD15 /* VC */,
			);
			path = CFFEX;
			sourceTree = "<group>";
		};
		CE29DE071EE5435C00F1BD15 /* DCE */ = {
			isa = PBXGroup;
			children = (
				CE1913171EE7F8E40049FE1E /* View */,
				CE1913181EE7F8E90049FE1E /* ViewModel */,
				CE29DE121EE5438900F1BD15 /* Vc */,
			);
			path = DCE;
			sourceTree = "<group>";
		};
		CE29DE081EE5435C00F1BD15 /* MainContract */ = {
			isa = PBXGroup;
			children = (
				CE1913021EE7F8450049FE1E /* View */,
				CE1913011EE7F83B0049FE1E /* ViewModel */,
				CE29DE0D1EE5436E00F1BD15 /* VC */,
			);
			path = MainContract;
			sourceTree = "<group>";
		};
		CE29DE091EE5435C00F1BD15 /* MyContract */ = {
			isa = PBXGroup;
			children = (
				CE07A15B1F025C77006BC645 /* MycontractChildView */,
				CE2B38A11EE7A42100A85EB6 /* View */,
				CE2B389D1EE790DF00A85EB6 /* ViewModel */,
				CE29DE0E1EE5437400F1BD15 /* VC */,
			);
			path = MyContract;
			sourceTree = "<group>";
		};
		CE29DE0A1EE5435C00F1BD15 /* OptionalContract */ = {
			isa = PBXGroup;
			children = (
				CE1912F91EE7F6DE0049FE1E /* View */,
				CE29DE391EE55DBB00F1BD15 /* ViewModel */,
				CE29DE111EE5438500F1BD15 /* VC */,
			);
			path = OptionalContract;
			sourceTree = "<group>";
		};
		CE29DE0B1EE5435C00F1BD15 /* SHFE */ = {
			isa = PBXGroup;
			children = (
				CE1913031EE7F8540049FE1E /* View */,
				CE1912EC1EE7F2BB0049FE1E /* ViewModel */,
				CE29DE101EE5437F00F1BD15 /* VC */,
			);
			path = SHFE;
			sourceTree = "<group>";
		};
		CE29DE0C1EE5435C00F1BD15 /* ZZCE */ = {
			isa = PBXGroup;
			children = (
				CE19131B1EE7F90D0049FE1E /* ViewModel */,
				CE19131A1EE7F9020049FE1E /* View */,
				CE29DE0F1EE5437A00F1BD15 /* VC */,
			);
			path = ZZCE;
			sourceTree = "<group>";
		};
		CE29DE0D1EE5436E00F1BD15 /* VC */ = {
			isa = PBXGroup;
			children = (
				CE1912E91EE7F2B50049FE1E /* MainContractViewController.h */,
				CE1912EA1EE7F2B50049FE1E /* MainContractViewController.m */,
			);
			name = VC;
			sourceTree = "<group>";
		};
		CE29DE0E1EE5437400F1BD15 /* VC */ = {
			isa = PBXGroup;
			children = (
				CE2B389A1EE790DB00A85EB6 /* MyContractViewController.h */,
				CE2B389B1EE790DB00A85EB6 /* MyContractViewController.m */,
			);
			name = VC;
			sourceTree = "<group>";
		};
		CE29DE0F1EE5437A00F1BD15 /* VC */ = {
			isa = PBXGroup;
			children = (
				CE1912F31EE7F2E30049FE1E /* ZZCEViewController.h */,
				CE1912F41EE7F2E30049FE1E /* ZZCEViewController.m */,
			);
			name = VC;
			sourceTree = "<group>";
		};
		CE29DE101EE5437F00F1BD15 /* VC */ = {
			isa = PBXGroup;
			children = (
				CE1912ED1EE7F2CA0049FE1E /* SHFEViewController.h */,
				CE1912EE1EE7F2CA0049FE1E /* SHFEViewController.m */,
			);
			name = VC;
			sourceTree = "<group>";
		};
		CE29DE111EE5438500F1BD15 /* VC */ = {
			isa = PBXGroup;
			children = (
				CE29DE2D1EE559F200F1BD15 /* OptionalContractViewController.h */,
				CE29DE2E1EE559F200F1BD15 /* OptionalContractViewController.m */,
			);
			name = VC;
			sourceTree = "<group>";
		};
		CE29DE121EE5438900F1BD15 /* Vc */ = {
			isa = PBXGroup;
			children = (
				CE1912F01EE7F2D30049FE1E /* DCEViewController.h */,
				CE1912F11EE7F2D30049FE1E /* DCEViewController.m */,
			);
			name = Vc;
			sourceTree = "<group>";
		};
		CE29DE131EE5438E00F1BD15 /* VC */ = {
			isa = PBXGroup;
			children = (
				CE1912F61EE7F2F60049FE1E /* CFFEXViewController.h */,
				CE1912F71EE7F2F60049FE1E /* CFFEXViewController.m */,
			);
			name = VC;
			sourceTree = "<group>";
		};
		CE29DE391EE55DBB00F1BD15 /* ViewModel */ = {
			isa = PBXGroup;
			children = (
				CE29DE361EE55DB200F1BD15 /* OptionalContractViewModel.h */,
				CE29DE371EE55DB200F1BD15 /* OptionalContractViewModel.m */,
			);
			name = ViewModel;
			sourceTree = "<group>";
		};
		CE2B389D1EE790DF00A85EB6 /* ViewModel */ = {
			isa = PBXGroup;
			children = (
				CE2B389E1EE791FA00A85EB6 /* MyContractViewModel.h */,
				CE2B389F1EE791FA00A85EB6 /* MyContractViewModel.m */,
			);
			name = ViewModel;
			sourceTree = "<group>";
		};
		CE2B38A11EE7A42100A85EB6 /* View */ = {
			isa = PBXGroup;
			children = (
				CE2B38A21EE7A43500A85EB6 /* MyContractView.h */,
				CE2B38A31EE7A43500A85EB6 /* MyContractView.m */,
				CEFA706F1EFA1FAC0046AF84 /* MyContractHeadView.h */,
				CEFA70701EFA1FAC0046AF84 /* MyContractHeadView.m */,
				CED00DFF1F01542B00791B47 /* MycontractSegmentcontrolView.h */,
				CED00E001F01542B00791B47 /* MycontractSegmentcontrolView.m */,
				CE07A1551F01F42A006BC645 /* MyContractCollectionCellView.h */,
				CE07A1561F01F42A006BC645 /* MyContractCollectionCellView.m */,
			);
			name = View;
			sourceTree = "<group>";
		};
		CE3076AD1EEA34E80098F388 /* KLine */ = {
			isa = PBXGroup;
			children = (
			);
			path = KLine;
			sourceTree = "<group>";
		};
		CED8FB801F04AD3B00ADF408 /* Position */ = {
			isa = PBXGroup;
			children = (
				CED8FB811F04AD3B00ADF408 /* PositionModel.h */,
				CED8FB821F04AD3B00ADF408 /* PositionModel.m */,
				CED8FB831F04AD3B00ADF408 /* PositionTableViewCell.h */,
				CED8FB841F04AD3B00ADF408 /* PositionTableViewCell.m */,
				CED8FB851F04AD3B00ADF408 /* PositionView.h */,
				CED8FB861F04AD3B00ADF408 /* PositionView.m */,
			);
			path = Position;
			sourceTree = "<group>";
		};
		CED8FB8A1F04AF6F00ADF408 /* HangOrder */ = {
			isa = PBXGroup;
			children = (
				CED8FB8B1F04AFDB00ADF408 /* HangOrderView.h */,
				CED8FB8C1F04AFDB00ADF408 /* HangOrderView.m */,
				CED8FB911F04B00700ADF408 /* HangOrderTableViewCell.h */,
				CED8FB921F04B00700ADF408 /* HangOrderTableViewCell.m */,
			);
			path = HangOrder;
			sourceTree = "<group>";
		};
		CEF330E41EDF9AC20032F0EF /* Dynamics */ = {
			isa = PBXGroup;
			children = (
				CE3076AD1EEA34E80098F388 /* KLine */,
				CE29DE091EE5435C00F1BD15 /* MyContract */,
				CE29DE0A1EE5435C00F1BD15 /* OptionalContract */,
				CE29DE081EE5435C00F1BD15 /* MainContract */,
				CE29DE0B1EE5435C00F1BD15 /* SHFE */,
				CE29DE071EE5435C00F1BD15 /* DCE */,
				CE29DE0C1EE5435C00F1BD15 /* ZZCE */,
				CE29DE061EE5435C00F1BD15 /* CFFEX */,
				CEF331271EDFD9B40032F0EF /* Dynamics */,
			);
			path = Dynamics;
			sourceTree = "<group>";
		};
		CEF330E51EDF9AC20032F0EF /* Find */ = {
			isa = PBXGroup;
			children = (
				CEF3312F1EDFDEF80032F0EF /* Find */,
			);
			path = Find;
			sourceTree = "<group>";
		};
		CEF330E71EDF9AC20032F0EF /* RankingList */ = {
			isa = PBXGroup;
			children = (
			);
			path = RankingList;
			sourceTree = "<group>";
		};
		CEF330E81EDF9AC20032F0EF /* Transaction */ = {
			isa = PBXGroup;
			children = (
			);
			path = Transaction;
			sourceTree = "<group>";
		};
		CEF330E91EDF9B010032F0EF /* Common */ = {
			isa = PBXGroup;
			children = (
				CEF331091EDFA1690032F0EF /* Common.h */,
				CEF3310A1EDFA1EB0032F0EF /* PrefixHeader.pch */,
				CEF331201EDFB3D50032F0EF /* UserInformation.h */,
				CEF331211EDFB3D50032F0EF /* UserInformation.m */,
			);
			path = Common;
			sourceTree = "<group>";
		};
		CEF330EA1EDF9B010032F0EF /* NetWorking */ = {
			isa = PBXGroup;
			children = (
				CEF3310B1EDFA4AA0032F0EF /* MBProgressHUD+NJ.h */,
				CEF3310C1EDFA4AA0032F0EF /* MBProgressHUD+NJ.m */,
				CEF331171EDFAC750032F0EF /* QHRequest.h */,
				CEF331181EDFAC750032F0EF /* QHRequest.m */,
				CEF3311A1EDFAE330032F0EF /* QHRequestModel.h */,
				CEF3311B1EDFAE330032F0EF /* QHRequestModel.m */,
				CEF3311D1EDFB1E70032F0EF /* QHRequest+Api.h */,
				CEF3311E1EDFB1E70032F0EF /* QHRequest+Api.m */,
			);
			path = NetWorking;
			sourceTree = "<group>";
		};
		CEF330EB1EDF9B1A0032F0EF /* Gategory */ = {
			isa = PBXGroup;
			children = (
				CEF330EC1EDF9B720032F0EF /* UIImage+Extension.h */,
				CEF330ED1EDF9B720032F0EF /* UIImage+Extension.m */,
				CEF330EF1EDF9BC60032F0EF /* UIView+Extension.h */,
				CEF330F01EDF9BC60032F0EF /* UIView+Extension.m */,
			);
			path = Gategory;
			sourceTree = "<group>";
		};
		CEF330F21EDF9CBD0032F0EF /* BaseFile */ = {
			isa = PBXGroup;
			children = (
				CEF330F61EDF9CC50032F0EF /* BaseView.h */,
				CEF330F71EDF9CC50032F0EF /* BaseView.m */,
				CEF330FB1EDF9CC50032F0EF /* BaseViewProtocol.h */,
				CEF330F31EDF9CC50032F0EF /* BaseTableViewCell.h */,
				CEF330F41EDF9CC50032F0EF /* BaseTableViewCell.m */,
				CEF330F51EDF9CC50032F0EF /* BaseTableViewCellProtocol.h */,
				CEF330F81EDF9CC50032F0EF /* BaseViewModel.h */,
				CEF330F91EDF9CC50032F0EF /* BaseViewModel.m */,
				CEF330FA1EDF9CC50032F0EF /* BaseViewModelProtocol.h */,
				CEF331001EDF9CC50032F0EF /* ViewBaseController.h */,
				CEF331011EDF9CC50032F0EF /* ViewBaseController.m */,
				CEF331021EDF9CC50032F0EF /* ViewBaseControllerProtocol.h */,
				CEF330FC1EDF9CC50032F0EF /* NavigationBaseController.h */,
				CEF330FD1EDF9CC50032F0EF /* NavigationBaseController.m */,
				CEF330FE1EDF9CC50032F0EF /* TabBarBaseController.h */,
				CEF330FF1EDF9CC50032F0EF /* TabBarBaseController.m */,
				CEF3312C1EDFDBCB0032F0EF /* QHTabBar.h */,
				CEF3312D1EDFDBCB0032F0EF /* QHTabBar.m */,
			);
			path = BaseFile;
			sourceTree = "<group>";
		};
		CEF331271EDFD9B40032F0EF /* Dynamics */ = {
			isa = PBXGroup;
			children = (
				CEF331341EE00A170032F0EF /* Model */,
				CEF331331EE00A0F0032F0EF /* View */,
				CEF331351EE00A240032F0EF /* ViewModel */,
				CEF3312B1EDFD9D00032F0EF /* VC */,
			);
			path = Dynamics;
			sourceTree = "<group>";
		};
		CEF3312B1EDFD9D00032F0EF /* VC */ = {
			isa = PBXGroup;
			children = (
				CEF331281EDFD9CA0032F0EF /* DynamicsViewController.h */,
				CEF331291EDFD9CA0032F0EF /* DynamicsViewController.m */,
			);
			name = VC;
			sourceTree = "<group>";
		};
		CEF3312F1EDFDEF80032F0EF /* Find */ = {
			isa = PBXGroup;
			children = (
				CEF331301EDFDF080032F0EF /* DiscoverViewController.h */,
				CEF331311EDFDF080032F0EF /* DiscoverViewController.m */,
			);
			path = Find;
			sourceTree = "<group>";
		};
		CEF331331EE00A0F0032F0EF /* View */ = {
			isa = PBXGroup;
			children = (
				CEF331361EE00A5D0032F0EF /* DynamicsView.h */,
				CEF331371EE00A5D0032F0EF /* DynamicsView.m */,
				CEF7D5661EE1460E000A869E /* DynamicsNavigationCenterView.h */,
				CEF7D5671EE1460E000A869E /* DynamicsNavigationCenterView.m */,
			);
			name = View;
			sourceTree = "<group>";
		};
		CEF331341EE00A170032F0EF /* Model */ = {
			isa = PBXGroup;
			children = (
				CEF3313C1EE00BE40032F0EF /* DynamicsModel.h */,
				CEF3313D1EE00BE40032F0EF /* DynamicsModel.m */,
			);
			name = Model;
			sourceTree = "<group>";
		};
		CEF331351EE00A240032F0EF /* ViewModel */ = {
			isa = PBXGroup;
			children = (
				CEF331391EE00BA60032F0EF /* DynamicsViewModel.h */,
				CEF3313A1EE00BA60032F0EF /* DynamicsViewModel.m */,
			);
			name = ViewModel;
			sourceTree = "<group>";
		};
/* End PBXGroup section */

/* Begin PBXNativeTarget section */
		B2A214FD1EDEA9E900B19A4A /* QHTrade */ = {
			isa = PBXNativeTarget;
			buildConfigurationList = B2A2152B1EDEA9E900B19A4A /* Build configuration list for PBXNativeTarget "QHTrade" */;
			buildPhases = (
				26E0B53724CCB61DAE223381 /* [CP] Check Pods Manifest.lock */,
				B2A214FA1EDEA9E900B19A4A /* Sources */,
				B2A214FB1EDEA9E900B19A4A /* Frameworks */,
				B2A214FC1EDEA9E900B19A4A /* Resources */,
				C4867A738919D61D8A02D35B /* [CP] Embed Pods Frameworks */,
				83A7519FF5261839AA39619E /* [CP] Copy Pods Resources */,
			);
			buildRules = (
			);
			dependencies = (
			);
			name = QHTrade;
			productName = QHTrade;
			productReference = B2A214FE1EDEA9E900B19A4A /* QHTrade.app */;
			productType = "com.apple.product-type.application";
		};
		B2A215161EDEA9E900B19A4A /* QHTradeTests */ = {
			isa = PBXNativeTarget;
			buildConfigurationList = B2A2152E1EDEA9E900B19A4A /* Build configuration list for PBXNativeTarget "QHTradeTests" */;
			buildPhases = (
				B2A215131EDEA9E900B19A4A /* Sources */,
				B2A215141EDEA9E900B19A4A /* Frameworks */,
				B2A215151EDEA9E900B19A4A /* Resources */,
			);
			buildRules = (
			);
			dependencies = (
				B2A215191EDEA9E900B19A4A /* PBXTargetDependency */,
			);
			name = QHTradeTests;
			productName = QHTradeTests;
			productReference = B2A215171EDEA9E900B19A4A /* QHTradeTests.xctest */;
			productType = "com.apple.product-type.bundle.unit-test";
		};
		B2A215211EDEA9E900B19A4A /* QHTradeUITests */ = {
			isa = PBXNativeTarget;
			buildConfigurationList = B2A215311EDEA9E900B19A4A /* Build configuration list for PBXNativeTarget "QHTradeUITests" */;
			buildPhases = (
				B2A2151E1EDEA9E900B19A4A /* Sources */,
				B2A2151F1EDEA9E900B19A4A /* Frameworks */,
				B2A215201EDEA9E900B19A4A /* Resources */,
			);
			buildRules = (
			);
			dependencies = (
				B2A215241EDEA9E900B19A4A /* PBXTargetDependency */,
			);
			name = QHTradeUITests;
			productName = QHTradeUITests;
			productReference = B2A215221EDEA9E900B19A4A /* QHTradeUITests.xctest */;
			productType = "com.apple.product-type.bundle.ui-testing";
		};
/* End PBXNativeTarget section */

/* Begin PBXProject section */
		B2A214F61EDEA9E900B19A4A /* Project object */ = {
			isa = PBXProject;
			attributes = {
				LastUpgradeCheck = 0830;
				ORGANIZATIONNAME = qihuo.RDTrade.com;
				TargetAttributes = {
					B2A214FD1EDEA9E900B19A4A = {
						CreatedOnToolsVersion = 8.1;
						DevelopmentTeam = 5GT7M52QLG;
						ProvisioningStyle = Automatic;
					};
					B2A215161EDEA9E900B19A4A = {
						CreatedOnToolsVersion = 8.1;
						DevelopmentTeam = 3H53CUVWDV;
						ProvisioningStyle = Automatic;
						TestTargetID = B2A214FD1EDEA9E900B19A4A;
					};
					B2A215211EDEA9E900B19A4A = {
						CreatedOnToolsVersion = 8.1;
						DevelopmentTeam = 3H53CUVWDV;
						ProvisioningStyle = Automatic;
						TestTargetID = B2A214FD1EDEA9E900B19A4A;
					};
				};
			};
			buildConfigurationList = B2A214F91EDEA9E900B19A4A /* Build configuration list for PBXProject "QHTrade" */;
			compatibilityVersion = "Xcode 3.2";
			developmentRegion = English;
			hasScannedForEncodings = 0;
			knownRegions = (
				en,
				Base,
			);
			mainGroup = B2A214F51EDEA9E900B19A4A;
			productRefGroup = B2A214FF1EDEA9E900B19A4A /* Products */;
			projectDirPath = "";
			projectRoot = "";
			targets = (
				B2A214FD1EDEA9E900B19A4A /* QHTrade */,
				B2A215161EDEA9E900B19A4A /* QHTradeTests */,
				B2A215211EDEA9E900B19A4A /* QHTradeUITests */,
			);
		};
/* End PBXProject section */

/* Begin PBXResourcesBuildPhase section */
		B2A214FC1EDEA9E900B19A4A /* Resources */ = {
			isa = PBXResourcesBuildPhase;
			buildActionMask = 2147483647;
			files = (
				B2A215111EDEA9E900B19A4A /* LaunchScreen.storyboard in Resources */,
				B2F205E11EDFFEC800FA4D52 /* PersonalSecondCell.xib in Resources */,
				B21BD2CA1EDFB9F500BAD836 /* PersonalViewController.xib in Resources */,
				B2A2150E1EDEA9E900B19A4A /* Assets.xcassets in Resources */,
				B2F205DD1EDFFEC800FA4D52 /* PersonalCollectionCell.xib in Resources */,
				B21783841EE195460079FC9E /* PersonalBottomCell.xib in Resources */,
				B2F205DF1EDFFEC800FA4D52 /* PersonalFirstCell.xib in Resources */,
				B217838B1EE196000079FC9E /* TradeRecordsCell.xib in Resources */,
			);
			runOnlyForDeploymentPostprocessing = 0;
		};
		B2A215151EDEA9E900B19A4A /* Resources */ = {
			isa = PBXResourcesBuildPhase;
			buildActionMask = 2147483647;
			files = (
			);
			runOnlyForDeploymentPostprocessing = 0;
		};
		B2A215201EDEA9E900B19A4A /* Resources */ = {
			isa = PBXResourcesBuildPhase;
			buildActionMask = 2147483647;
			files = (
			);
			runOnlyForDeploymentPostprocessing = 0;
		};
/* End PBXResourcesBuildPhase section */

/* Begin PBXShellScriptBuildPhase section */
		26E0B53724CCB61DAE223381 /* [CP] Check Pods Manifest.lock */ = {
			isa = PBXShellScriptBuildPhase;
			buildActionMask = 2147483647;
			files = (
			);
			inputPaths = (
			);
			name = "[CP] Check Pods Manifest.lock";
			outputPaths = (
			);
			runOnlyForDeploymentPostprocessing = 0;
			shellPath = /bin/sh;
			shellScript = "diff \"${PODS_ROOT}/../Podfile.lock\" \"${PODS_ROOT}/Manifest.lock\" > /dev/null\nif [ $? != 0 ] ; then\n    # print error to STDERR\n    echo \"error: The sandbox is not in sync with the Podfile.lock. Run 'pod install' or update your CocoaPods installation.\" >&2\n    exit 1\nfi\n";
			showEnvVarsInLog = 0;
		};
		83A7519FF5261839AA39619E /* [CP] Copy Pods Resources */ = {
			isa = PBXShellScriptBuildPhase;
			buildActionMask = 2147483647;
			files = (
			);
			inputPaths = (
			);
			name = "[CP] Copy Pods Resources";
			outputPaths = (
			);
			runOnlyForDeploymentPostprocessing = 0;
			shellPath = /bin/sh;
			shellScript = "\"${SRCROOT}/Pods/Target Support Files/Pods-QHTrade/Pods-QHTrade-resources.sh\"\n";
			showEnvVarsInLog = 0;
		};
		C4867A738919D61D8A02D35B /* [CP] Embed Pods Frameworks */ = {
			isa = PBXShellScriptBuildPhase;
			buildActionMask = 2147483647;
			files = (
			);
			inputPaths = (
			);
			name = "[CP] Embed Pods Frameworks";
			outputPaths = (
			);
			runOnlyForDeploymentPostprocessing = 0;
			shellPath = /bin/sh;
			shellScript = "\"${SRCROOT}/Pods/Target Support Files/Pods-QHTrade/Pods-QHTrade-frameworks.sh\"\n";
			showEnvVarsInLog = 0;
		};
/* End PBXShellScriptBuildPhase section */

/* Begin PBXSourcesBuildPhase section */
		B2A214FA1EDEA9E900B19A4A /* Sources */ = {
			isa = PBXSourcesBuildPhase;
			buildActionMask = 2147483647;
			files = (
				CED8FB8D1F04AFDB00ADF408 /* HangOrderView.m in Sources */,
				B217837A1EE192710079FC9E /* BarChartView.m in Sources */,
				CE19132C1EE7F97B0049FE1E /* ZZCEView.m in Sources */,
				B21783791EE192650079FC9E /* QHChartView.m in Sources */,
				CE1912F51EE7F2E30049FE1E /* ZZCEViewController.m in Sources */,
				B21783771EE191910079FC9E /* PersonalHeadView.m in Sources */,
				B21783871EE1959B0079FC9E /* TradeRecordsCell.m in Sources */,
				CEF331031EDF9CC50032F0EF /* BaseTableViewCell.m in Sources */,
				B21BD2CC1EDFB9F500BAD836 /* PersonalMainView.m in Sources */,
				CEF3312A1EDFD9CA0032F0EF /* DynamicsViewController.m in Sources */,
				B2F205DC1EDFFEC800FA4D52 /* PersonalCollectionCell.m in Sources */,
				CEF331221EDFB3D50032F0EF /* UserInformation.m in Sources */,
				B21783831EE195460079FC9E /* PersonalBottomCell.m in Sources */,
				CEF331381EE00A5D0032F0EF /* DynamicsView.m in Sources */,
				CE2B38A01EE791FA00A85EB6 /* MyContractViewModel.m in Sources */,
				CEF3311C1EDFAE330032F0EF /* QHRequestModel.m in Sources */,
				CE1912FD1EE7F7070049FE1E /* OptionalContractView.m in Sources */,
				CED00E011F01542B00791B47 /* MycontractSegmentcontrolView.m in Sources */,
				CED8FB881F04AD3B00ADF408 /* PositionTableViewCell.m in Sources */,
				CE1913261EE7F9550049FE1E /* DCEViewModel.m in Sources */,
				B2F205DE1EDFFEC800FA4D52 /* PersonalFirstCell.m in Sources */,
				CEF331051EDF9CC50032F0EF /* BaseViewModel.m in Sources */,
				CE07A1571F01F42A006BC645 /* MyContractCollectionCellView.m in Sources */,
				CE29DE2F1EE559F200F1BD15 /* OptionalContractViewController.m in Sources */,
				CE1913231EE7F9490049FE1E /* DCEHeadView.m in Sources */,
				CEF331321EDFDF080032F0EF /* DiscoverViewController.m in Sources */,
				CED8FB891F04AD3B00ADF408 /* PositionView.m in Sources */,
				CEF330EE1EDF9B720032F0EF /* UIImage+Extension.m in Sources */,
				CEF3313E1EE00BE40032F0EF /* DynamicsModel.m in Sources */,
				B2A215061EDEA9E900B19A4A /* AppDelegate.m in Sources */,
				CEF331061EDF9CC50032F0EF /* NavigationBaseController.m in Sources */,
				CEF331081EDF9CC50032F0EF /* ViewBaseController.m in Sources */,
				CE1913101EE7F8BD0049FE1E /* SHFEViewModel.m in Sources */,
				CEFA70711EFA1FAC0046AF84 /* MyContractHeadView.m in Sources */,
				CE1912EF1EE7F2CA0049FE1E /* SHFEViewController.m in Sources */,
				CEF330F11EDF9BC60032F0EF /* UIView+Extension.m in Sources */,
				CEF331071EDF9CC50032F0EF /* TabBarBaseController.m in Sources */,
				CE19132F1EE7F9860049FE1E /* ZZCEHeadView.m in Sources */,
				CE1913381EE7F9E00049FE1E /* CFFEXViewModel.m in Sources */,
				B2F205E01EDFFEC800FA4D52 /* PersonalSecondCell.m in Sources */,
				CE1913291EE7F9670049FE1E /* ZZCEViewModel.m in Sources */,
				CE1912F21EE7F2D30049FE1E /* DCEViewController.m in Sources */,
				CE1913161EE7F8DD0049FE1E /* SHFEHeadView.m in Sources */,
				CEF331131EDFA4AA0032F0EF /* MBProgressHUD+NJ.m in Sources */,
				CE1912F81EE7F2F60049FE1E /* CFFEXViewController.m in Sources */,
				CE1913071EE7F8750049FE1E /* MainContractView.m in Sources */,
				CEF3311F1EDFB1E70032F0EF /* QHRequest+Api.m in Sources */,
				CEF3312E1EDFDBCB0032F0EF /* QHTabBar.m in Sources */,
				CE2B389C1EE790DB00A85EB6 /* MyContractViewController.m in Sources */,
				CEF7D5681EE1460E000A869E /* DynamicsNavigationCenterView.m in Sources */,
				CE1913321EE7F9BA0049FE1E /* CFFEXHeadView.m in Sources */,
				CED8FB871F04AD3B00ADF408 /* PositionModel.m in Sources */,
				CE19130A1EE7F8880049FE1E /* MainContractHeadView.m in Sources */,
				CE1913201EE7F93D0049FE1E /* DCEView.m in Sources */,
				B2A215031EDEA9E900B19A4A /* main.m in Sources */,
				CE1913001EE7F82B0049FE1E /* OptionalContractHeadView.m in Sources */,
				CEF331041EDF9CC50032F0EF /* BaseView.m in Sources */,
				CEF3313B1EE00BA60032F0EF /* DynamicsViewModel.m in Sources */,
				CE19130D1EE7F8A30049FE1E /* MainContractViewModel.m in Sources */,
				CE2B38A41EE7A43500A85EB6 /* MyContractView.m in Sources */,
				CED8FB931F04B00700ADF408 /* HangOrderTableViewCell.m in Sources */,
				CE1913131EE7F8D30049FE1E /* SHFEView.m in Sources */,
				B21BD2CB1EDFB9F500BAD836 /* PersonalViewController.m in Sources */,
				CE1912EB1EE7F2B50049FE1E /* MainContractViewController.m in Sources */,
				B21BD2C91EDFB9F500BAD836 /* PersonalViewModel.m in Sources */,
				CE1913351EE7F9CD0049FE1E /* CFFEXView.m in Sources */,
				CE29DE381EE55DB200F1BD15 /* OptionalContractViewModel.m in Sources */,
				CEF331191EDFAC750032F0EF /* QHRequest.m in Sources */,
			);
			runOnlyForDeploymentPostprocessing = 0;
		};
		B2A215131EDEA9E900B19A4A /* Sources */ = {
			isa = PBXSourcesBuildPhase;
			buildActionMask = 2147483647;
			files = (
				B2A2151C1EDEA9E900B19A4A /* QHTradeTests.m in Sources */,
			);
			runOnlyForDeploymentPostprocessing = 0;
		};
		B2A2151E1EDEA9E900B19A4A /* Sources */ = {
			isa = PBXSourcesBuildPhase;
			buildActionMask = 2147483647;
			files = (
				B2A215271EDEA9E900B19A4A /* QHTradeUITests.m in Sources */,
			);
			runOnlyForDeploymentPostprocessing = 0;
		};
/* End PBXSourcesBuildPhase section */

/* Begin PBXTargetDependency section */
		B2A215191EDEA9E900B19A4A /* PBXTargetDependency */ = {
			isa = PBXTargetDependency;
			target = B2A214FD1EDEA9E900B19A4A /* QHTrade */;
			targetProxy = B2A215181EDEA9E900B19A4A /* PBXContainerItemProxy */;
		};
		B2A215241EDEA9E900B19A4A /* PBXTargetDependency */ = {
			isa = PBXTargetDependency;
			target = B2A214FD1EDEA9E900B19A4A /* QHTrade */;
			targetProxy = B2A215231EDEA9E900B19A4A /* PBXContainerItemProxy */;
		};
/* End PBXTargetDependency section */

/* Begin PBXVariantGroup section */
		B2A2150F1EDEA9E900B19A4A /* LaunchScreen.storyboard */ = {
			isa = PBXVariantGroup;
			children = (
				B2A215101EDEA9E900B19A4A /* Base */,
			);
			name = LaunchScreen.storyboard;
			sourceTree = "<group>";
		};
/* End PBXVariantGroup section */

/* Begin XCBuildConfiguration section */
		B2A215291EDEA9E900B19A4A /* Debug */ = {
			isa = XCBuildConfiguration;
			buildSettings = {
				ALWAYS_SEARCH_USER_PATHS = NO;
				CLANG_ANALYZER_NONNULL = YES;
				CLANG_CXX_LANGUAGE_STANDARD = "gnu++0x";
				CLANG_CXX_LIBRARY = "libc++";
				CLANG_ENABLE_MODULES = YES;
				CLANG_ENABLE_OBJC_ARC = YES;
				CLANG_WARN_BOOL_CONVERSION = YES;
				CLANG_WARN_CONSTANT_CONVERSION = YES;
				CLANG_WARN_DIRECT_OBJC_ISA_USAGE = YES_ERROR;
				CLANG_WARN_DOCUMENTATION_COMMENTS = YES;
				CLANG_WARN_EMPTY_BODY = YES;
				CLANG_WARN_ENUM_CONVERSION = YES;
				CLANG_WARN_INFINITE_RECURSION = YES;
				CLANG_WARN_INT_CONVERSION = YES;
				CLANG_WARN_OBJC_ROOT_CLASS = YES_ERROR;
				CLANG_WARN_SUSPICIOUS_MOVE = YES;
				CLANG_WARN_SUSPICIOUS_MOVES = YES;
				CLANG_WARN_UNREACHABLE_CODE = YES;
				CLANG_WARN__DUPLICATE_METHOD_MATCH = YES;
				"CODE_SIGN_IDENTITY[sdk=iphoneos*]" = "iPhone Developer";
				COPY_PHASE_STRIP = NO;
				DEBUG_INFORMATION_FORMAT = dwarf;
				ENABLE_STRICT_OBJC_MSGSEND = YES;
				ENABLE_TESTABILITY = YES;
				GCC_C_LANGUAGE_STANDARD = gnu99;
				GCC_DYNAMIC_NO_PIC = NO;
				GCC_NO_COMMON_BLOCKS = YES;
				GCC_OPTIMIZATION_LEVEL = 0;
				GCC_PREPROCESSOR_DEFINITIONS = (
					"DEBUG=1",
					"$(inherited)",
				);
				GCC_WARN_64_TO_32_BIT_CONVERSION = YES;
				GCC_WARN_ABOUT_RETURN_TYPE = YES_ERROR;
				GCC_WARN_UNDECLARED_SELECTOR = YES;
				GCC_WARN_UNINITIALIZED_AUTOS = YES_AGGRESSIVE;
				GCC_WARN_UNUSED_FUNCTION = YES;
				GCC_WARN_UNUSED_VARIABLE = YES;
				IPHONEOS_DEPLOYMENT_TARGET = 10.2;
				MTL_ENABLE_DEBUG_INFO = YES;
				ONLY_ACTIVE_ARCH = YES;
				SDKROOT = iphoneos;
			};
			name = Debug;
		};
		B2A2152A1EDEA9E900B19A4A /* Release */ = {
			isa = XCBuildConfiguration;
			buildSettings = {
				ALWAYS_SEARCH_USER_PATHS = NO;
				CLANG_ANALYZER_NONNULL = YES;
				CLANG_CXX_LANGUAGE_STANDARD = "gnu++0x";
				CLANG_CXX_LIBRARY = "libc++";
				CLANG_ENABLE_MODULES = YES;
				CLANG_ENABLE_OBJC_ARC = YES;
				CLANG_WARN_BOOL_CONVERSION = YES;
				CLANG_WARN_CONSTANT_CONVERSION = YES;
				CLANG_WARN_DIRECT_OBJC_ISA_USAGE = YES_ERROR;
				CLANG_WARN_DOCUMENTATION_COMMENTS = YES;
				CLANG_WARN_EMPTY_BODY = YES;
				CLANG_WARN_ENUM_CONVERSION = YES;
				CLANG_WARN_INFINITE_RECURSION = YES;
				CLANG_WARN_INT_CONVERSION = YES;
				CLANG_WARN_OBJC_ROOT_CLASS = YES_ERROR;
				CLANG_WARN_SUSPICIOUS_MOVE = YES;
				CLANG_WARN_SUSPICIOUS_MOVES = YES;
				CLANG_WARN_UNREACHABLE_CODE = YES;
				CLANG_WARN__DUPLICATE_METHOD_MATCH = YES;
				"CODE_SIGN_IDENTITY[sdk=iphoneos*]" = "iPhone Developer";
				COPY_PHASE_STRIP = NO;
				DEBUG_INFORMATION_FORMAT = "dwarf-with-dsym";
				ENABLE_NS_ASSERTIONS = NO;
				ENABLE_STRICT_OBJC_MSGSEND = YES;
				GCC_C_LANGUAGE_STANDARD = gnu99;
				GCC_NO_COMMON_BLOCKS = YES;
				GCC_WARN_64_TO_32_BIT_CONVERSION = YES;
				GCC_WARN_ABOUT_RETURN_TYPE = YES_ERROR;
				GCC_WARN_UNDECLARED_SELECTOR = YES;
				GCC_WARN_UNINITIALIZED_AUTOS = YES_AGGRESSIVE;
				GCC_WARN_UNUSED_FUNCTION = YES;
				GCC_WARN_UNUSED_VARIABLE = YES;
				IPHONEOS_DEPLOYMENT_TARGET = 10.2;
				MTL_ENABLE_DEBUG_INFO = NO;
				SDKROOT = iphoneos;
				VALIDATE_PRODUCT = YES;
			};
			name = Release;
		};
		B2A2152C1EDEA9E900B19A4A /* Debug */ = {
			isa = XCBuildConfiguration;
			baseConfigurationReference = DB23E11BA4D680FD0F61CE42 /* Pods-QHTrade.debug.xcconfig */;
			buildSettings = {
				ASSETCATALOG_COMPILER_APPICON_NAME = AppIcon;
				"CODE_SIGN_IDENTITY[sdk=iphoneos*]" = "iPhone Developer";
				DEVELOPMENT_TEAM = 5GT7M52QLG;
				GCC_PREFIX_HEADER = "$(SRCROOT)/$(PROJECT_NAME)/Common/PrefixHeader.pch";
				INFOPLIST_FILE = QHTrade/Info.plist;
				IPHONEOS_DEPLOYMENT_TARGET = 8.0;
				LD_RUNPATH_SEARCH_PATHS = "$(inherited) @executable_path/Frameworks";
				PRODUCT_BUNDLE_IDENTIFIER = Mr.L;
				PRODUCT_NAME = "$(TARGET_NAME)";
				PROVISIONING_PROFILE_SPECIFIER = "";
				TARGETED_DEVICE_FAMILY = 1;
			};
			name = Debug;
		};
		B2A2152D1EDEA9E900B19A4A /* Release */ = {
			isa = XCBuildConfiguration;
			baseConfigurationReference = E3D3E11B3D85ACEA2AE90524 /* Pods-QHTrade.release.xcconfig */;
			buildSettings = {
				ASSETCATALOG_COMPILER_APPICON_NAME = AppIcon;
				"CODE_SIGN_IDENTITY[sdk=iphoneos*]" = "iPhone Developer";
				DEVELOPMENT_TEAM = 5GT7M52QLG;
				GCC_PREFIX_HEADER = "$(SRCROOT)/$(PROJECT_NAME)/Common/PrefixHeader.pch";
				INFOPLIST_FILE = QHTrade/Info.plist;
				IPHONEOS_DEPLOYMENT_TARGET = 8.0;
				LD_RUNPATH_SEARCH_PATHS = "$(inherited) @executable_path/Frameworks";
				PRODUCT_BUNDLE_IDENTIFIER = Mr.L;
				PRODUCT_NAME = "$(TARGET_NAME)";
				PROVISIONING_PROFILE_SPECIFIER = "";
				TARGETED_DEVICE_FAMILY = 1;
			};
			name = Release;
		};
		B2A2152F1EDEA9E900B19A4A /* Debug */ = {
			isa = XCBuildConfiguration;
			buildSettings = {
				BUNDLE_LOADER = "$(TEST_HOST)";
				DEVELOPMENT_TEAM = 3H53CUVWDV;
				INFOPLIST_FILE = QHTradeTests/Info.plist;
				LD_RUNPATH_SEARCH_PATHS = "$(inherited) @executable_path/Frameworks @loader_path/Frameworks";
				PRODUCT_BUNDLE_IDENTIFIER = com.qihuo.QHTradeTests;
				PRODUCT_NAME = "$(TARGET_NAME)";
				TEST_HOST = "$(BUILT_PRODUCTS_DIR)/QHTrade.app/QHTrade";
			};
			name = Debug;
		};
		B2A215301EDEA9E900B19A4A /* Release */ = {
			isa = XCBuildConfiguration;
			buildSettings = {
				BUNDLE_LOADER = "$(TEST_HOST)";
				DEVELOPMENT_TEAM = 3H53CUVWDV;
				INFOPLIST_FILE = QHTradeTests/Info.plist;
				LD_RUNPATH_SEARCH_PATHS = "$(inherited) @executable_path/Frameworks @loader_path/Frameworks";
				PRODUCT_BUNDLE_IDENTIFIER = com.qihuo.QHTradeTests;
				PRODUCT_NAME = "$(TARGET_NAME)";
				TEST_HOST = "$(BUILT_PRODUCTS_DIR)/QHTrade.app/QHTrade";
			};
			name = Release;
		};
		B2A215321EDEA9E900B19A4A /* Debug */ = {
			isa = XCBuildConfiguration;
			buildSettings = {
				DEVELOPMENT_TEAM = 3H53CUVWDV;
				INFOPLIST_FILE = QHTradeUITests/Info.plist;
				LD_RUNPATH_SEARCH_PATHS = "$(inherited) @executable_path/Frameworks @loader_path/Frameworks";
				PRODUCT_BUNDLE_IDENTIFIER = com.qihuo.QHTradeUITests;
				PRODUCT_NAME = "$(TARGET_NAME)";
				TEST_TARGET_NAME = QHTrade;
			};
			name = Debug;
		};
		B2A215331EDEA9E900B19A4A /* Release */ = {
			isa = XCBuildConfiguration;
			buildSettings = {
				DEVELOPMENT_TEAM = 3H53CUVWDV;
				INFOPLIST_FILE = QHTradeUITests/Info.plist;
				LD_RUNPATH_SEARCH_PATHS = "$(inherited) @executable_path/Frameworks @loader_path/Frameworks";
				PRODUCT_BUNDLE_IDENTIFIER = com.qihuo.QHTradeUITests;
				PRODUCT_NAME = "$(TARGET_NAME)";
				TEST_TARGET_NAME = QHTrade;
			};
			name = Release;
		};
/* End XCBuildConfiguration section */

/* Begin XCConfigurationList section */
		B2A214F91EDEA9E900B19A4A /* Build configuration list for PBXProject "QHTrade" */ = {
			isa = XCConfigurationList;
			buildConfigurations = (
				B2A215291EDEA9E900B19A4A /* Debug */,
				B2A2152A1EDEA9E900B19A4A /* Release */,
			);
			defaultConfigurationIsVisible = 0;
			defaultConfigurationName = Release;
		};
		B2A2152B1EDEA9E900B19A4A /* Build configuration list for PBXNativeTarget "QHTrade" */ = {
			isa = XCConfigurationList;
			buildConfigurations = (
				B2A2152C1EDEA9E900B19A4A /* Debug */,
				B2A2152D1EDEA9E900B19A4A /* Release */,
			);
			defaultConfigurationIsVisible = 0;
			defaultConfigurationName = Release;
		};
		B2A2152E1EDEA9E900B19A4A /* Build configuration list for PBXNativeTarget "QHTradeTests" */ = {
			isa = XCConfigurationList;
			buildConfigurations = (
				B2A2152F1EDEA9E900B19A4A /* Debug */,
				B2A215301EDEA9E900B19A4A /* Release */,
			);
			defaultConfigurationIsVisible = 0;
			defaultConfigurationName = Release;
		};
		B2A215311EDEA9E900B19A4A /* Build configuration list for PBXNativeTarget "QHTradeUITests" */ = {
			isa = XCConfigurationList;
			buildConfigurations = (
				B2A215321EDEA9E900B19A4A /* Debug */,
				B2A215331EDEA9E900B19A4A /* Release */,
			);
			defaultConfigurationIsVisible = 0;
			defaultConfigurationName = Release;
		};
/* End XCConfigurationList section */
	};
	rootObject = B2A214F61EDEA9E900B19A4A /* Project object */;
}
